// !$*UTF8*$!
{
	archiveVersion = 1;
	classes = {
	};
	objectVersion = 50;
	objects = {

/* Begin PBXBuildFile section */
		F7A9947C207B0EF1009DC801 /* DailyCell.swift in Sources */ = {isa = PBXBuildFile; fileRef = F7A9947B207B0EF1009DC801 /* DailyCell.swift */; };
		F7A9947E207B2BF6009DC801 /* wheatherData.swift in Sources */ = {isa = PBXBuildFile; fileRef = F7A9947D207B2BF6009DC801 /* wheatherData.swift */; };
		F7F97BBD206E04350066DEE4 /* AppDelegate.swift in Sources */ = {isa = PBXBuildFile; fileRef = F7F97BBC206E04350066DEE4 /* AppDelegate.swift */; };
		F7F97BBF206E04350066DEE4 /* ViewController.swift in Sources */ = {isa = PBXBuildFile; fileRef = F7F97BBE206E04350066DEE4 /* ViewController.swift */; };
		F7F97BC2206E04350066DEE4 /* Main.storyboard in Resources */ = {isa = PBXBuildFile; fileRef = F7F97BC0206E04350066DEE4 /* Main.storyboard */; };
		F7F97BC4206E04360066DEE4 /* Assets.xcassets in Resources */ = {isa = PBXBuildFile; fileRef = F7F97BC3206E04360066DEE4 /* Assets.xcassets */; };
		F7F97BC7206E04360066DEE4 /* LaunchScreen.storyboard in Resources */ = {isa = PBXBuildFile; fileRef = F7F97BC5206E04360066DEE4 /* LaunchScreen.storyboard */; };
		F7F97BD1206E05780066DEE4 /* SettingVC.swift in Sources */ = {isa = PBXBuildFile; fileRef = F7F97BD0206E05780066DEE4 /* SettingVC.swift */; };
/* End PBXBuildFile section */

/* Begin PBXFileReference section */
		F7A9947B207B0EF1009DC801 /* DailyCell.swift */ = {isa = PBXFileReference; lastKnownFileType = sourcecode.swift; path = DailyCell.swift; sourceTree = "<group>"; };
		F7A9947D207B2BF6009DC801 /* wheatherData.swift */ = {isa = PBXFileReference; lastKnownFileType = sourcecode.swift; path = wheatherData.swift; sourceTree = "<group>"; };
		F7F97BB9206E04350066DEE4 /* SoJ.app */ = {isa = PBXFileReference; explicitFileType = wrapper.application; includeInIndex = 0; path = SoJ.app; sourceTree = BUILT_PRODUCTS_DIR; };
		F7F97BBC206E04350066DEE4 /* AppDelegate.swift */ = {isa = PBXFileReference; lastKnownFileType = sourcecode.swift; path = AppDelegate.swift; sourceTree = "<group>"; };
		F7F97BBE206E04350066DEE4 /* ViewController.swift */ = {isa = PBXFileReference; lastKnownFileType = sourcecode.swift; path = ViewController.swift; sourceTree = "<group>"; };
		F7F97BC1206E04350066DEE4 /* Base */ = {isa = PBXFileReference; lastKnownFileType = file.storyboard; name = Base; path = Base.lproj/Main.storyboard; sourceTree = "<group>"; };
		F7F97BC3206E04360066DEE4 /* Assets.xcassets */ = {isa = PBXFileReference; lastKnownFileType = folder.assetcatalog; path = Assets.xcassets; sourceTree = "<group>"; };
		F7F97BC6206E04360066DEE4 /* Base */ = {isa = PBXFileReference; lastKnownFileType = file.storyboard; name = Base; path = Base.lproj/LaunchScreen.storyboard; sourceTree = "<group>"; };
		F7F97BC8206E04360066DEE4 /* Info.plist */ = {isa = PBXFileReference; lastKnownFileType = text.plist.xml; path = Info.plist; sourceTree = "<group>"; };
		F7F97BD0206E05780066DEE4 /* SettingVC.swift */ = {isa = PBXFileReference; lastKnownFileType = sourcecode.swift; path = SettingVC.swift; sourceTree = "<group>"; };
/* End PBXFileReference section */

/* Begin PBXFrameworksBuildPhase section */
		F7F97BB6206E04350066DEE4 /* Frameworks */ = {
			isa = PBXFrameworksBuildPhase;
			buildActionMask = 2147483647;
			files = (
			);
			runOnlyForDeploymentPostprocessing = 0;
		};
/* End PBXFrameworksBuildPhase section */

/* Begin PBXGroup section */
		F7F97BB0206E04340066DEE4 = {
			isa = PBXGroup;
			children = (
				F7F97BBB206E04350066DEE4 /* SoJ */,
				F7F97BBA206E04350066DEE4 /* Products */,
			);
			sourceTree = "<group>";
		};
		F7F97BBA206E04350066DEE4 /* Products */ = {
			isa = PBXGroup;
			children = (
				F7F97BB9206E04350066DEE4 /* SoJ.app */,
			);
			name = Products;
			sourceTree = "<group>";
		};
		F7F97BBB206E04350066DEE4 /* SoJ */ = {
			isa = PBXGroup;
			children = (
				F7F97BBC206E04350066DEE4 /* AppDelegate.swift */,
				F7F97BBE206E04350066DEE4 /* ViewController.swift */,
				F7A9947D207B2BF6009DC801 /* wheatherData.swift */,
				F7F97BD0206E05780066DEE4 /* SettingVC.swift */,
				F7F97BC0206E04350066DEE4 /* Main.storyboard */,
				F7A9947B207B0EF1009DC801 /* DailyCell.swift */,
				F7F97BC3206E04360066DEE4 /* Assets.xcassets */,
				F7F97BC5206E04360066DEE4 /* LaunchScreen.storyboard */,
				F7F97BC8206E04360066DEE4 /* Info.plist */,
			);
			path = SoJ;
			sourceTree = "<group>";
		};
/* End PBXGroup section */

/* Begin PBXNativeTarget section */
		F7F97BB8206E04350066DEE4 /* SoJ */ = {
			isa = PBXNativeTarget;
			buildConfigurationList = F7F97BCB206E04360066DEE4 /* Build configuration list for PBXNativeTarget "SoJ" */;
			buildPhases = (
				F7F97BB5206E04350066DEE4 /* Sources */,
				F7F97BB6206E04350066DEE4 /* Frameworks */,
				F7F97BB7206E04350066DEE4 /* Resources */,
			);
			buildRules = (
			);
			dependencies = (
			);
			name = SoJ;
			productName = SoJ;
			productReference = F7F97BB9206E04350066DEE4 /* SoJ.app */;
			productType = "com.apple.product-type.application";
		};
/* End PBXNativeTarget section */

/* Begin PBXProject section */
		F7F97BB1206E04340066DEE4 /* Project object */ = {
			isa = PBXProject;
			attributes = {
				LastSwiftUpdateCheck = 0930;
				LastUpgradeCheck = 0930;
				ORGANIZATIONNAME = SoJ;
				TargetAttributes = {
					F7F97BB8206E04350066DEE4 = {
						CreatedOnToolsVersion = 9.3;
					};
				};
			};
			buildConfigurationList = F7F97BB4206E04340066DEE4 /* Build configuration list for PBXProject "SoJ" */;
			compatibilityVersion = "Xcode 9.3";
			developmentRegion = en;
			hasScannedForEncodings = 0;
			knownRegions = (
				en,
				Base,
			);
			mainGroup = F7F97BB0206E04340066DEE4;
			productRefGroup = F7F97BBA206E04350066DEE4 /* Products */;
			projectDirPath = "";
			projectRoot = "";
			targets = (
				F7F97BB8206E04350066DEE4 /* SoJ */,
			);
		};
/* End PBXProject section */

/* Begin PBXResourcesBuildPhase section */
		F7F97BB7206E04350066DEE4 /* Resources */ = {
			isa = PBXResourcesBuildPhase;
			buildActionMask = 2147483647;
			files = (
				F7F97BC7206E04360066DEE4 /* LaunchScreen.storyboard in Resources */,
				F7F97BC4206E04360066DEE4 /* Assets.xcassets in Resources */,
				F7F97BC2206E04350066DEE4 /* Main.storyboard in Resources */,
			);
			runOnlyForDeploymentPostprocessing = 0;
		};
/* End PBXResourcesBuildPhase section */

/* Begin PBXSourcesBuildPhase section */
		F7F97BB5206E04350066DEE4 /* Sources */ = {
			isa = PBXSourcesBuildPhase;
			buildActionMask = 2147483647;
			files = (
				F7F97BBF206E04350066DEE4 /* ViewController.swift in Sources */,
				F7A9947C207B0EF1009DC801 /* DailyCell.swift in Sources */,
				F7F97BD1206E05780066DEE4 /* SettingVC.swift in Sources */,
				F7F97BBD206E04350066DEE4 /* AppDelegate.swift in Sources */,
				F7A9947E207B2BF6009DC801 /* wheatherData.swift in Sources */,
			);
			runOnlyForDeploymentPostprocessing = 0;
		};
/* End PBXSourcesBuildPhase section */

/* Begin PBXVariantGroup section */
		F7F97BC0206E04350066DEE4 /* Main.storyboard */ = {
			isa = PBXVariantGroup;
			children = (
				F7F97BC1206E04350066DEE4 /* Base */,
			);
			name = Main.storyboard;
			sourceTree = "<group>";
		};
		F7F97BC5206E04360066DEE4 /* LaunchScreen.storyboard */ = {
			isa = PBXVariantGroup;
			children = (
				F7F97BC6206E04360066DEE4 /* Base */,
			);
			name = LaunchScreen.storyboard;
			sourceTree = "<group>";
		};
/* End PBXVariantGroup section */

/* Begin XCBuildConfiguration section */
		F7F97BC9206E04360066DEE4 /* Debug */ = {
			isa = XCBuildConfiguration;
			buildSettings = {
				ALWAYS_SEARCH_USER_PATHS = NO;
				CLANG_ANALYZER_NONNULL = YES;
				CLANG_ANALYZER_NUMBER_OBJECT_CONVERSION = YES_AGGRESSIVE;
				CLANG_CXX_LANGUAGE_STANDARD = "gnu++14";
				CLANG_CXX_LIBRARY = "libc++";
				CLANG_ENABLE_MODULES = YES;
				CLANG_ENABLE_OBJC_ARC = YES;
				CLANG_ENABLE_OBJC_WEAK = YES;
				CLANG_WARN_BLOCK_CAPTURE_AUTORELEASING = YES;
				CLANG_WARN_BOOL_CONVERSION = YES;
				CLANG_WARN_COMMA = YES;
				CLANG_WARN_CONSTANT_CONVERSION = YES;
				CLANG_WARN_DEPRECATED_OBJC_IMPLEMENTATIONS = YES;
				CLANG_WARN_DIRECT_OBJC_ISA_USAGE = YES_ERROR;
				CLANG_WARN_DOCUMENTATION_COMMENTS = YES;
				CLANG_WARN_EMPTY_BODY = YES;
				CLANG_WARN_ENUM_CONVERSION = YES;
				CLANG_WARN_INFINITE_RECURSION = YES;
				CLANG_WARN_INT_CONVERSION = YES;
				CLANG_WARN_NON_LITERAL_NULL_CONVERSION = YES;
				CLANG_WARN_OBJC_IMPLICIT_RETAIN_SELF = YES;
				CLANG_WARN_OBJC_LITERAL_CONVERSION = YES;
				CLANG_WARN_OBJC_ROOT_CLASS = YES_ERROR;
				CLANG_WARN_RANGE_LOOP_ANALYSIS = YES;
				CLANG_WARN_STRICT_PROTOTYPES = YES;
				CLANG_WARN_SUSPICIOUS_MOVE = YES;
				CLANG_WARN_UNGUARDED_AVAILABILITY = YES_AGGRESSIVE;
				CLANG_WARN_UNREACHABLE_CODE = YES;
				CLANG_WARN__DUPLICATE_METHOD_MATCH = YES;
				CODE_SIGN_IDENTITY = "iPhone Developer";
				COPY_PHASE_STRIP = NO;
				DEBUG_INFORMATION_FORMAT = dwarf;
				ENABLE_STRICT_OBJC_MSGSEND = YES;
				ENABLE_TESTABILITY = YES;
				GCC_C_LANGUAGE_STANDARD = gnu11;
				GCC_DYNAMIC_NO_PIC = NO;
				GCC_NO_COMMON_BLOCKS = YES;
				GCC_OPTIMIZATION_LEVEL = 0;
				GCC_PREPROCESSOR_DEFINITIONS = (
					"DEBUG=1",
					"$(inherited)",
				);
				GCC_WARN_64_TO_32_BIT_CONVERSION = YES;
				GCC_WARN_ABOUT_RETURN_TYPE = YES_ERROR;
				GCC_WARN_UNDECLARED_SELECTOR = YES;
				GCC_WARN_UNINITIALIZED_AUTOS = YES_AGGRESSIVE;
				GCC_WARN_UNUSED_FUNCTION = YES;
				GCC_WARN_UNUSED_VARIABLE = YES;
				IPHONEOS_DEPLOYMENT_TARGET = 11.3;
				MTL_ENABLE_DEBUG_INFO = YES;
				ONLY_ACTIVE_ARCH = YES;
				SDKROOT = iphoneos;
				SWIFT_ACTIVE_COMPILATION_CONDITIONS = DEBUG;
				SWIFT_OPTIMIZATION_LEVEL = "-Onone";
			};
			name = Debug;
		};
		F7F97BCA206E04360066DEE4 /* Release */ = {
			isa = XCBuildConfiguration;
			buildSettings = {
				ALWAYS_SEARCH_USER_PATHS = NO;
				CLANG_ANALYZER_NONNULL = YES;
				CLANG_ANALYZER_NUMBER_OBJECT_CONVERSION = YES_AGGRESSIVE;
				CLANG_CXX_LANGUAGE_STANDARD = "gnu++14";
				CLANG_CXX_LIBRARY = "libc++";
				CLANG_ENABLE_MODULES = YES;
				CLANG_ENABLE_OBJC_ARC = YES;
				CLANG_ENABLE_OBJC_WEAK = YES;
				CLANG_WARN_BLOCK_CAPTURE_AUTORELEASING = YES;
				CLANG_WARN_BOOL_CONVERSION = YES;
				CLANG_WARN_COMMA = YES;
				CLANG_WARN_CONSTANT_CONVERSION = YES;
				CLANG_WARN_DEPRECATED_OBJC_IMPLEMENTATIONS = YES;
				CLANG_WARN_DIRECT_OBJC_ISA_USAGE = YES_ERROR;
				CLANG_WARN_DOCUMENTATION_COMMENTS = YES;
				CLANG_WARN_EMPTY_BODY = YES;
				CLANG_WARN_ENUM_CONVERSION = YES;
				CLANG_WARN_INFINITE_RECURSION = YES;
				CLANG_WARN_INT_CONVERSION = YES;
				CLANG_WARN_NON_LITERAL_NULL_CONVERSION = YES;
				CLANG_WARN_OBJC_IMPLICIT_RETAIN_SELF = YES;
				CLANG_WARN_OBJC_LITERAL_CONVERSION = YES;
				CLANG_WARN_OBJC_ROOT_CLASS = YES_ERROR;
				CLANG_WARN_RANGE_LOOP_ANALYSIS = YES;
				CLANG_WARN_STRICT_PROTOTYPES = YES;
				CLANG_WARN_SUSPICIOUS_MOVE = YES;
				CLANG_WARN_UNGUARDED_AVAILABILITY = YES_AGGRESSIVE;
				CLANG_WARN_UNREACHABLE_CODE = YES;
				CLANG_WARN__DUPLICATE_METHOD_MATCH = YES;
				CODE_SIGN_IDENTITY = "iPhone Developer";
				COPY_PHASE_STRIP = NO;
				DEBUG_INFORMATION_FORMAT = "dwarf-with-dsym";
				ENABLE_NS_ASSERTIONS = NO;
				ENABLE_STRICT_OBJC_MSGSEND = YES;
				GCC_C_LANGUAGE_STANDARD = gnu11;
				GCC_NO_COMMON_BLOCKS = YES;
				GCC_WARN_64_TO_32_BIT_CONVERSION = YES;
				GCC_WARN_ABOUT_RETURN_TYPE = YES_ERROR;
				GCC_WARN_UNDECLARED_SELECTOR = YES;
				GCC_WARN_UNINITIALIZED_AUTOS = YES_AGGRESSIVE;
				GCC_WARN_UNUSED_FUNCTION = YES;
				GCC_WARN_UNUSED_VARIABLE = YES;
				IPHONEOS_DEPLOYMENT_TARGET = 11.3;
				MTL_ENABLE_DEBUG_INFO = NO;
				SDKROOT = iphoneos;
				SWIFT_COMPILATION_MODE = wholemodule;
				SWIFT_OPTIMIZATION_LEVEL = "-O";
				VALIDATE_PRODUCT = YES;
			};
			name = Release;
		};
		F7F97BCC206E04360066DEE4 /* Debug */ = {
			isa = XCBuildConfiguration;
			buildSettings = {
				ASSETCATALOG_COMPILER_APPICON_NAME = AppIcon;
				CODE_SIGN_STYLE = Automatic;
				DEVELOPMENT_TEAM = KRCKVX62FU;
				INFOPLIST_FILE = SoJ/Info.plist;
				LD_RUNPATH_SEARCH_PATHS = (
					"$(inherited)",
					"@executable_path/Frameworks",
				);
				PRODUCT_BUNDLE_IDENTIFIER = SoJ.test.SoJ;
				PRODUCT_NAME = "$(TARGET_NAME)";
				SWIFT_VERSION = 4.0;
				TARGETED_DEVICE_FAMILY = "1,2";
			};
			name = Debug;
		};
		F7F97BCD206E04360066DEE4 /* Release */ = {
			isa = XCBuildConfiguration;
			buildSettings = {
				ASSETCATALOG_COMPILER_APPICON_NAME = AppIcon;
				CODE_SIGN_STYLE = Automatic;
				DEVELOPMENT_TEAM = KRCKVX62FU;
				INFOPLIST_FILE = SoJ/Info.plist;
				LD_RUNPATH_SEARCH_PATHS = (
					"$(inherited)",
					"@executable_path/Frameworks",
				);
				PRODUCT_BUNDLE_IDENTIFIER = SoJ.test.SoJ;
				PRODUCT_NAME = "$(TARGET_NAME)";
				SWIFT_VERSION = 4.0;
				TARGETED_DEVICE_FAMILY = "1,2";
			};
			name = Release;
		};
/* End XCBuildConfiguration section */

/* Begin XCConfigurationList section */
		F7F97BB4206E04340066DEE4 /* Build configuration list for PBXProject "SoJ" */ = {
			isa = XCConfigurationList;
			buildConfigurations = (
				F7F97BC9206E04360066DEE4 /* Debug */,
				F7F97BCA206E04360066DEE4 /* Release */,
			);
			defaultConfigurationIsVisible = 0;
			defaultConfigurationName = Release;
		};
		F7F97BCB206E04360066DEE4 /* Build configuration list for PBXNativeTarget "SoJ" */ = {
			isa = XCConfigurationList;
			buildConfigurations = (
				F7F97BCC206E04360066DEE4 /* Debug */,
				F7F97BCD206E04360066DEE4 /* Release */,
			);
			defaultConfigurationIsVisible = 0;
			defaultConfigurationName = Release;
		};
/* End XCConfigurationList section */
	};
	rootObject = F7F97BB1206E04340066DEE4 /* Project object */;
}
