// !$*UTF8*$!
{
	archiveVersion = 1;
	classes = {
	};
	objectVersion = 48;
	objects = {

/* Begin PBXBuildFile section */
		4D3528F92043E0B200CDF28B /* ShopViewController.swift in Sources */ = {isa = PBXBuildFile; fileRef = 4D3528F82043E0B200CDF28B /* ShopViewController.swift */; };
		4D9093A02043B611008CFD75 /* AppDelegate.swift in Sources */ = {isa = PBXBuildFile; fileRef = 4D90939F2043B611008CFD75 /* AppDelegate.swift */; };
		4D9093A22043B611008CFD75 /* MainViewController.swift in Sources */ = {isa = PBXBuildFile; fileRef = 4D9093A12043B611008CFD75 /* MainViewController.swift */; };
		4D9093A42043B611008CFD75 /* PackViewController.swift in Sources */ = {isa = PBXBuildFile; fileRef = 4D9093A32043B611008CFD75 /* PackViewController.swift */; };
		4D9093A72043B611008CFD75 /* Main.storyboard in Resources */ = {isa = PBXBuildFile; fileRef = 4D9093A52043B611008CFD75 /* Main.storyboard */; };
		4D9093A92043B611008CFD75 /* Assets.xcassets in Resources */ = {isa = PBXBuildFile; fileRef = 4D9093A82043B611008CFD75 /* Assets.xcassets */; };
		4D9093AC2043B611008CFD75 /* LaunchScreen.storyboard in Resources */ = {isa = PBXBuildFile; fileRef = 4D9093AA2043B611008CFD75 /* LaunchScreen.storyboard */; };
/* End PBXBuildFile section */

/* Begin PBXFileReference section */
		4D3528F82043E0B200CDF28B /* ShopViewController.swift */ = {isa = PBXFileReference; lastKnownFileType = sourcecode.swift; path = ShopViewController.swift; sourceTree = "<group>"; };
		4D90939C2043B611008CFD75 /* Singleton_Game.app */ = {isa = PBXFileReference; explicitFileType = wrapper.application; includeInIndex = 0; path = Singleton_Game.app; sourceTree = BUILT_PRODUCTS_DIR; };
		4D90939F2043B611008CFD75 /* AppDelegate.swift */ = {isa = PBXFileReference; lastKnownFileType = sourcecode.swift; path = AppDelegate.swift; sourceTree = "<group>"; };
		4D9093A12043B611008CFD75 /* MainViewController.swift */ = {isa = PBXFileReference; lastKnownFileType = sourcecode.swift; path = MainViewController.swift; sourceTree = "<group>"; };
		4D9093A32043B611008CFD75 /* PackViewController.swift */ = {isa = PBXFileReference; lastKnownFileType = sourcecode.swift; path = PackViewController.swift; sourceTree = "<group>"; };
		4D9093A62043B611008CFD75 /* Base */ = {isa = PBXFileReference; lastKnownFileType = file.storyboard; name = Base; path = Base.lproj/Main.storyboard; sourceTree = "<group>"; };
		4D9093A82043B611008CFD75 /* Assets.xcassets */ = {isa = PBXFileReference; lastKnownFileType = folder.assetcatalog; path = Assets.xcassets; sourceTree = "<group>"; };
		4D9093AB2043B611008CFD75 /* Base */ = {isa = PBXFileReference; lastKnownFileType = file.storyboard; name = Base; path = Base.lproj/LaunchScreen.storyboard; sourceTree = "<group>"; };
		4D9093AD2043B611008CFD75 /* Info.plist */ = {isa = PBXFileReference; lastKnownFileType = text.plist.xml; path = Info.plist; sourceTree = "<group>"; };
/* End PBXFileReference section */

/* Begin PBXFrameworksBuildPhase section */
		4D9093992043B611008CFD75 /* Frameworks */ = {
			isa = PBXFrameworksBuildPhase;
			buildActionMask = 2147483647;
			files = (
			);
			runOnlyForDeploymentPostprocessing = 0;
		};
/* End PBXFrameworksBuildPhase section */

/* Begin PBXGroup section */
		4D3528F52043DFB900CDF28B /* Module */ = {
			isa = PBXGroup;
			children = (
			);
			path = Module;
			sourceTree = "<group>";
		};
		4D3528F62043DFC500CDF28B /* Controllers */ = {
			isa = PBXGroup;
			children = (
				4D9093A12043B611008CFD75 /* MainViewController.swift */,
				4D9093A32043B611008CFD75 /* PackViewController.swift */,
				4D3528F82043E0B200CDF28B /* ShopViewController.swift */,
			);
			path = Controllers;
			sourceTree = "<group>";
		};
		4D3528F72043DFD500CDF28B /* View */ = {
			isa = PBXGroup;
			children = (
				4D9093A52043B611008CFD75 /* Main.storyboard */,
			);
			path = View;
			sourceTree = "<group>";
		};
		4D9093932043B611008CFD75 = {
			isa = PBXGroup;
			children = (
				4D90939E2043B611008CFD75 /* Singleton_Game */,
				4D90939D2043B611008CFD75 /* Products */,
			);
			sourceTree = "<group>";
		};
		4D90939D2043B611008CFD75 /* Products */ = {
			isa = PBXGroup;
			children = (
				4D90939C2043B611008CFD75 /* Singleton_Game.app */,
			);
			name = Products;
			sourceTree = "<group>";
		};
		4D90939E2043B611008CFD75 /* Singleton_Game */ = {
			isa = PBXGroup;
			children = (
				4D3528F72043DFD500CDF28B /* View */,
				4D3528F62043DFC500CDF28B /* Controllers */,
				4D3528F52043DFB900CDF28B /* Module */,
				4D90939F2043B611008CFD75 /* AppDelegate.swift */,
				4D9093A82043B611008CFD75 /* Assets.xcassets */,
				4D9093AA2043B611008CFD75 /* LaunchScreen.storyboard */,
				4D9093AD2043B611008CFD75 /* Info.plist */,
			);
			path = Singleton_Game;
			sourceTree = "<group>";
		};
/* End PBXGroup section */

/* Begin PBXNativeTarget section */
		4D90939B2043B611008CFD75 /* Singleton_Game */ = {
			isa = PBXNativeTarget;
			buildConfigurationList = 4D9093B02043B611008CFD75 /* Build configuration list for PBXNativeTarget "Singleton_Game" */;
			buildPhases = (
				4D9093982043B611008CFD75 /* Sources */,
				4D9093992043B611008CFD75 /* Frameworks */,
				4D90939A2043B611008CFD75 /* Resources */,
			);
			buildRules = (
			);
			dependencies = (
			);
			name = Singleton_Game;
			productName = Singleton_Game;
			productReference = 4D90939C2043B611008CFD75 /* Singleton_Game.app */;
			productType = "com.apple.product-type.application";
		};
/* End PBXNativeTarget section */

/* Begin PBXProject section */
		4D9093942043B611008CFD75 /* Project object */ = {
			isa = PBXProject;
			attributes = {
				LastSwiftUpdateCheck = 0920;
				LastUpgradeCheck = 0920;
				ORGANIZATIONNAME = "唐嘉伶";
				TargetAttributes = {
					4D90939B2043B611008CFD75 = {
						CreatedOnToolsVersion = 9.2;
						ProvisioningStyle = Automatic;
					};
				};
			};
			buildConfigurationList = 4D9093972043B611008CFD75 /* Build configuration list for PBXProject "Singleton_Game" */;
			compatibilityVersion = "Xcode 8.0";
			developmentRegion = en;
			hasScannedForEncodings = 0;
			knownRegions = (
				en,
				Base,
			);
			mainGroup = 4D9093932043B611008CFD75;
			productRefGroup = 4D90939D2043B611008CFD75 /* Products */;
			projectDirPath = "";
			projectRoot = "";
			targets = (
				4D90939B2043B611008CFD75 /* Singleton_Game */,
			);
		};
/* End PBXProject section */

/* Begin PBXResourcesBuildPhase section */
		4D90939A2043B611008CFD75 /* Resources */ = {
			isa = PBXResourcesBuildPhase;
			buildActionMask = 2147483647;
			files = (
				4D9093AC2043B611008CFD75 /* LaunchScreen.storyboard in Resources */,
				4D9093A92043B611008CFD75 /* Assets.xcassets in Resources */,
				4D9093A72043B611008CFD75 /* Main.storyboard in Resources */,
			);
			runOnlyForDeploymentPostprocessing = 0;
		};
/* End PBXResourcesBuildPhase section */

/* Begin PBXSourcesBuildPhase section */
		4D9093982043B611008CFD75 /* Sources */ = {
			isa = PBXSourcesBuildPhase;
			buildActionMask = 2147483647;
			files = (
				4D3528F92043E0B200CDF28B /* ShopViewController.swift in Sources */,
				4D9093A42043B611008CFD75 /* PackViewController.swift in Sources */,
				4D9093A02043B611008CFD75 /* AppDelegate.swift in Sources */,
				4D9093A22043B611008CFD75 /* MainViewController.swift in Sources */,
			);
			runOnlyForDeploymentPostprocessing = 0;
		};
/* End PBXSourcesBuildPhase section */

/* Begin PBXVariantGroup section */
		4D9093A52043B611008CFD75 /* Main.storyboard */ = {
			isa = PBXVariantGroup;
			children = (
				4D9093A62043B611008CFD75 /* Base */,
			);
			name = Main.storyboard;
			sourceTree = "<group>";
		};
		4D9093AA2043B611008CFD75 /* LaunchScreen.storyboard */ = {
			isa = PBXVariantGroup;
			children = (
				4D9093AB2043B611008CFD75 /* Base */,
			);
			name = LaunchScreen.storyboard;
			sourceTree = "<group>";
		};
/* End PBXVariantGroup section */

/* Begin XCBuildConfiguration section */
		4D9093AE2043B611008CFD75 /* Debug */ = {
			isa = XCBuildConfiguration;
			buildSettings = {
				ALWAYS_SEARCH_USER_PATHS = NO;
				CLANG_ANALYZER_NONNULL = YES;
				CLANG_ANALYZER_NUMBER_OBJECT_CONVERSION = YES_AGGRESSIVE;
				CLANG_CXX_LANGUAGE_STANDARD = "gnu++14";
				CLANG_CXX_LIBRARY = "libc++";
				CLANG_ENABLE_MODULES = YES;
				CLANG_ENABLE_OBJC_ARC = YES;
				CLANG_WARN_BLOCK_CAPTURE_AUTORELEASING = YES;
				CLANG_WARN_BOOL_CONVERSION = YES;
				CLANG_WARN_COMMA = YES;
				CLANG_WARN_CONSTANT_CONVERSION = YES;
				CLANG_WARN_DIRECT_OBJC_ISA_USAGE = YES_ERROR;
				CLANG_WARN_DOCUMENTATION_COMMENTS = YES;
				CLANG_WARN_EMPTY_BODY = YES;
				CLANG_WARN_ENUM_CONVERSION = YES;
				CLANG_WARN_INFINITE_RECURSION = YES;
				CLANG_WARN_INT_CONVERSION = YES;
				CLANG_WARN_NON_LITERAL_NULL_CONVERSION = YES;
				CLANG_WARN_OBJC_LITERAL_CONVERSION = YES;
				CLANG_WARN_OBJC_ROOT_CLASS = YES_ERROR;
				CLANG_WARN_RANGE_LOOP_ANALYSIS = YES;
				CLANG_WARN_STRICT_PROTOTYPES = YES;
				CLANG_WARN_SUSPICIOUS_MOVE = YES;
				CLANG_WARN_UNGUARDED_AVAILABILITY = YES_AGGRESSIVE;
				CLANG_WARN_UNREACHABLE_CODE = YES;
				CLANG_WARN__DUPLICATE_METHOD_MATCH = YES;
				CODE_SIGN_IDENTITY = "iPhone Developer";
				COPY_PHASE_STRIP = NO;
				DEBUG_INFORMATION_FORMAT = dwarf;
				ENABLE_STRICT_OBJC_MSGSEND = YES;
				ENABLE_TESTABILITY = YES;
				GCC_C_LANGUAGE_STANDARD = gnu11;
				GCC_DYNAMIC_NO_PIC = NO;
				GCC_NO_COMMON_BLOCKS = YES;
				GCC_OPTIMIZATION_LEVEL = 0;
				GCC_PREPROCESSOR_DEFINITIONS = (
					"DEBUG=1",
					"$(inherited)",
				);
				GCC_WARN_64_TO_32_BIT_CONVERSION = YES;
				GCC_WARN_ABOUT_RETURN_TYPE = YES_ERROR;
				GCC_WARN_UNDECLARED_SELECTOR = YES;
				GCC_WARN_UNINITIALIZED_AUTOS = YES_AGGRESSIVE;
				GCC_WARN_UNUSED_FUNCTION = YES;
				GCC_WARN_UNUSED_VARIABLE = YES;
				IPHONEOS_DEPLOYMENT_TARGET = 11.2;
				MTL_ENABLE_DEBUG_INFO = YES;
				ONLY_ACTIVE_ARCH = YES;
				SDKROOT = iphoneos;
				SWIFT_ACTIVE_COMPILATION_CONDITIONS = DEBUG;
				SWIFT_OPTIMIZATION_LEVEL = "-Onone";
			};
			name = Debug;
		};
		4D9093AF2043B611008CFD75 /* Release */ = {
			isa = XCBuildConfiguration;
			buildSettings = {
				ALWAYS_SEARCH_USER_PATHS = NO;
				CLANG_ANALYZER_NONNULL = YES;
				CLANG_ANALYZER_NUMBER_OBJECT_CONVERSION = YES_AGGRESSIVE;
				CLANG_CXX_LANGUAGE_STANDARD = "gnu++14";
				CLANG_CXX_LIBRARY = "libc++";
				CLANG_ENABLE_MODULES = YES;
				CLANG_ENABLE_OBJC_ARC = YES;
				CLANG_WARN_BLOCK_CAPTURE_AUTORELEASING = YES;
				CLANG_WARN_BOOL_CONVERSION = YES;
				CLANG_WARN_COMMA = YES;
				CLANG_WARN_CONSTANT_CONVERSION = YES;
				CLANG_WARN_DIRECT_OBJC_ISA_USAGE = YES_ERROR;
				CLANG_WARN_DOCUMENTATION_COMMENTS = YES;
				CLANG_WARN_EMPTY_BODY = YES;
				CLANG_WARN_ENUM_CONVERSION = YES;
				CLANG_WARN_INFINITE_RECURSION = YES;
				CLANG_WARN_INT_CONVERSION = YES;
				CLANG_WARN_NON_LITERAL_NULL_CONVERSION = YES;
				CLANG_WARN_OBJC_LITERAL_CONVERSION = YES;
				CLANG_WARN_OBJC_ROOT_CLASS = YES_ERROR;
				CLANG_WARN_RANGE_LOOP_ANALYSIS = YES;
				CLANG_WARN_STRICT_PROTOTYPES = YES;
				CLANG_WARN_SUSPICIOUS_MOVE = YES;
				CLANG_WARN_UNGUARDED_AVAILABILITY = YES_AGGRESSIVE;
				CLANG_WARN_UNREACHABLE_CODE = YES;
				CLANG_WARN__DUPLICATE_METHOD_MATCH = YES;
				CODE_SIGN_IDENTITY = "iPhone Developer";
				COPY_PHASE_STRIP = NO;
				DEBUG_INFORMATION_FORMAT = "dwarf-with-dsym";
				ENABLE_NS_ASSERTIONS = NO;
				ENABLE_STRICT_OBJC_MSGSEND = YES;
				GCC_C_LANGUAGE_STANDARD = gnu11;
				GCC_NO_COMMON_BLOCKS = YES;
				GCC_WARN_64_TO_32_BIT_CONVERSION = YES;
				GCC_WARN_ABOUT_RETURN_TYPE = YES_ERROR;
				GCC_WARN_UNDECLARED_SELECTOR = YES;
				GCC_WARN_UNINITIALIZED_AUTOS = YES_AGGRESSIVE;
				GCC_WARN_UNUSED_FUNCTION = YES;
				GCC_WARN_UNUSED_VARIABLE = YES;
				IPHONEOS_DEPLOYMENT_TARGET = 11.2;
				MTL_ENABLE_DEBUG_INFO = NO;
				SDKROOT = iphoneos;
				SWIFT_OPTIMIZATION_LEVEL = "-Owholemodule";
				VALIDATE_PRODUCT = YES;
			};
			name = Release;
		};
		4D9093B12043B611008CFD75 /* Debug */ = {
			isa = XCBuildConfiguration;
			buildSettings = {
				ASSETCATALOG_COMPILER_APPICON_NAME = AppIcon;
				CODE_SIGN_STYLE = Automatic;
				INFOPLIST_FILE = Singleton_Game/Info.plist;
				LD_RUNPATH_SEARCH_PATHS = "$(inherited) @executable_path/Frameworks";
				PRODUCT_BUNDLE_IDENTIFIER = "Gavin-Ells.Singleton-Game";
				PRODUCT_NAME = "$(TARGET_NAME)";
				SWIFT_VERSION = 4.0;
				TARGETED_DEVICE_FAMILY = "1,2";
			};
			name = Debug;
		};
		4D9093B22043B611008CFD75 /* Release */ = {
			isa = XCBuildConfiguration;
			buildSettings = {
				ASSETCATALOG_COMPILER_APPICON_NAME = AppIcon;
				CODE_SIGN_STYLE = Automatic;
				INFOPLIST_FILE = Singleton_Game/Info.plist;
				LD_RUNPATH_SEARCH_PATHS = "$(inherited) @executable_path/Frameworks";
				PRODUCT_BUNDLE_IDENTIFIER = "Gavin-Ells.Singleton-Game";
				PRODUCT_NAME = "$(TARGET_NAME)";
				SWIFT_VERSION = 4.0;
				TARGETED_DEVICE_FAMILY = "1,2";
			};
			name = Release;
		};
/* End XCBuildConfiguration section */

/* Begin XCConfigurationList section */
		4D9093972043B611008CFD75 /* Build configuration list for PBXProject "Singleton_Game" */ = {
			isa = XCConfigurationList;
			buildConfigurations = (
				4D9093AE2043B611008CFD75 /* Debug */,
				4D9093AF2043B611008CFD75 /* Release */,
			);
			defaultConfigurationIsVisible = 0;
			defaultConfigurationName = Release;
		};
		4D9093B02043B611008CFD75 /* Build configuration list for PBXNativeTarget "Singleton_Game" */ = {
			isa = XCConfigurationList;
			buildConfigurations = (
				4D9093B12043B611008CFD75 /* Debug */,
				4D9093B22043B611008CFD75 /* Release */,
			);
			defaultConfigurationIsVisible = 0;
			defaultConfigurationName = Release;
		};
/* End XCConfigurationList section */
	};
	rootObject = 4D9093942043B611008CFD75 /* Project object */;
}
