// !$*UTF8*$!
{
	archiveVersion = 1;
	classes = {
	};
	objectVersion = 50;
	objects = {

/* Begin PBXBuildFile section */
		2DD1AF172071C1E600BBB3AE /* AppDelegate.swift in Sources */ = {isa = PBXBuildFile; fileRef = 2DD1AF162071C1E600BBB3AE /* AppDelegate.swift */; };
		2DD1AF192071C1E600BBB3AE /* ViewController.swift in Sources */ = {isa = PBXBuildFile; fileRef = 2DD1AF182071C1E600BBB3AE /* ViewController.swift */; };
		2DD1AF1C2071C1E600BBB3AE /* Main.storyboard in Resources */ = {isa = PBXBuildFile; fileRef = 2DD1AF1A2071C1E600BBB3AE /* Main.storyboard */; };
		2DD1AF1E2071C1E700BBB3AE /* Assets.xcassets in Resources */ = {isa = PBXBuildFile; fileRef = 2DD1AF1D2071C1E700BBB3AE /* Assets.xcassets */; };
		2DD1AF212071C1E700BBB3AE /* LaunchScreen.storyboard in Resources */ = {isa = PBXBuildFile; fileRef = 2DD1AF1F2071C1E700BBB3AE /* LaunchScreen.storyboard */; };
/* End PBXBuildFile section */

/* Begin PBXFileReference section */
		2DD1AF132071C1E600BBB3AE /* hugh.app */ = {isa = PBXFileReference; explicitFileType = wrapper.application; includeInIndex = 0; path = hugh.app; sourceTree = BUILT_PRODUCTS_DIR; };
		2DD1AF162071C1E600BBB3AE /* AppDelegate.swift */ = {isa = PBXFileReference; lastKnownFileType = sourcecode.swift; path = AppDelegate.swift; sourceTree = "<group>"; };
		2DD1AF182071C1E600BBB3AE /* ViewController.swift */ = {isa = PBXFileReference; lastKnownFileType = sourcecode.swift; path = ViewController.swift; sourceTree = "<group>"; };
		2DD1AF1B2071C1E600BBB3AE /* Base */ = {isa = PBXFileReference; lastKnownFileType = file.storyboard; name = Base; path = Base.lproj/Main.storyboard; sourceTree = "<group>"; };
		2DD1AF1D2071C1E700BBB3AE /* Assets.xcassets */ = {isa = PBXFileReference; lastKnownFileType = folder.assetcatalog; path = Assets.xcassets; sourceTree = "<group>"; };
		2DD1AF202071C1E700BBB3AE /* Base */ = {isa = PBXFileReference; lastKnownFileType = file.storyboard; name = Base; path = Base.lproj/LaunchScreen.storyboard; sourceTree = "<group>"; };
		2DD1AF222071C1E700BBB3AE /* Info.plist */ = {isa = PBXFileReference; lastKnownFileType = text.plist.xml; path = Info.plist; sourceTree = "<group>"; };
/* End PBXFileReference section */

/* Begin PBXFrameworksBuildPhase section */
		2DD1AF102071C1E600BBB3AE /* Frameworks */ = {
			isa = PBXFrameworksBuildPhase;
			buildActionMask = 2147483647;
			files = (
			);
			runOnlyForDeploymentPostprocessing = 0;
		};
/* End PBXFrameworksBuildPhase section */

/* Begin PBXGroup section */
		2DD1AF0A2071C1E600BBB3AE = {
			isa = PBXGroup;
			children = (
				2DD1AF152071C1E600BBB3AE /* hugh */,
				2DD1AF142071C1E600BBB3AE /* Products */,
			);
			sourceTree = "<group>";
		};
		2DD1AF142071C1E600BBB3AE /* Products */ = {
			isa = PBXGroup;
			children = (
				2DD1AF132071C1E600BBB3AE /* hugh.app */,
			);
			name = Products;
			sourceTree = "<group>";
		};
		2DD1AF152071C1E600BBB3AE /* hugh */ = {
			isa = PBXGroup;
			children = (
				2DD1AF162071C1E600BBB3AE /* AppDelegate.swift */,
				2DD1AF182071C1E600BBB3AE /* ViewController.swift */,
				2DD1AF1A2071C1E600BBB3AE /* Main.storyboard */,
				2DD1AF1D2071C1E700BBB3AE /* Assets.xcassets */,
				2DD1AF1F2071C1E700BBB3AE /* LaunchScreen.storyboard */,
				2DD1AF222071C1E700BBB3AE /* Info.plist */,
			);
			path = hugh;
			sourceTree = "<group>";
		};
/* End PBXGroup section */

/* Begin PBXNativeTarget section */
		2DD1AF122071C1E600BBB3AE /* hugh */ = {
			isa = PBXNativeTarget;
			buildConfigurationList = 2DD1AF252071C1E700BBB3AE /* Build configuration list for PBXNativeTarget "hugh" */;
			buildPhases = (
				2DD1AF0F2071C1E600BBB3AE /* Sources */,
				2DD1AF102071C1E600BBB3AE /* Frameworks */,
				2DD1AF112071C1E600BBB3AE /* Resources */,
			);
			buildRules = (
			);
			dependencies = (
			);
			name = hugh;
			productName = hugh;
			productReference = 2DD1AF132071C1E600BBB3AE /* hugh.app */;
			productType = "com.apple.product-type.application";
		};
/* End PBXNativeTarget section */

/* Begin PBXProject section */
		2DD1AF0B2071C1E600BBB3AE /* Project object */ = {
			isa = PBXProject;
			attributes = {
				LastSwiftUpdateCheck = 0930;
				LastUpgradeCheck = 0930;
				ORGANIZATIONNAME = "Andy Tsai";
				TargetAttributes = {
					2DD1AF122071C1E600BBB3AE = {
						CreatedOnToolsVersion = 9.3;
					};
				};
			};
			buildConfigurationList = 2DD1AF0E2071C1E600BBB3AE /* Build configuration list for PBXProject "hugh" */;
			compatibilityVersion = "Xcode 9.3";
			developmentRegion = en;
			hasScannedForEncodings = 0;
			knownRegions = (
				en,
				Base,
			);
			mainGroup = 2DD1AF0A2071C1E600BBB3AE;
			productRefGroup = 2DD1AF142071C1E600BBB3AE /* Products */;
			projectDirPath = "";
			projectRoot = "";
			targets = (
				2DD1AF122071C1E600BBB3AE /* hugh */,
			);
		};
/* End PBXProject section */

/* Begin PBXResourcesBuildPhase section */
		2DD1AF112071C1E600BBB3AE /* Resources */ = {
			isa = PBXResourcesBuildPhase;
			buildActionMask = 2147483647;
			files = (
				2DD1AF212071C1E700BBB3AE /* LaunchScreen.storyboard in Resources */,
				2DD1AF1E2071C1E700BBB3AE /* Assets.xcassets in Resources */,
				2DD1AF1C2071C1E600BBB3AE /* Main.storyboard in Resources */,
			);
			runOnlyForDeploymentPostprocessing = 0;
		};
/* End PBXResourcesBuildPhase section */

/* Begin PBXSourcesBuildPhase section */
		2DD1AF0F2071C1E600BBB3AE /* Sources */ = {
			isa = PBXSourcesBuildPhase;
			buildActionMask = 2147483647;
			files = (
				2DD1AF192071C1E600BBB3AE /* ViewController.swift in Sources */,
				2DD1AF172071C1E600BBB3AE /* AppDelegate.swift in Sources */,
			);
			runOnlyForDeploymentPostprocessing = 0;
		};
/* End PBXSourcesBuildPhase section */

/* Begin PBXVariantGroup section */
		2DD1AF1A2071C1E600BBB3AE /* Main.storyboard */ = {
			isa = PBXVariantGroup;
			children = (
				2DD1AF1B2071C1E600BBB3AE /* Base */,
			);
			name = Main.storyboard;
			sourceTree = "<group>";
		};
		2DD1AF1F2071C1E700BBB3AE /* LaunchScreen.storyboard */ = {
			isa = PBXVariantGroup;
			children = (
				2DD1AF202071C1E700BBB3AE /* Base */,
			);
			name = LaunchScreen.storyboard;
			sourceTree = "<group>";
		};
/* End PBXVariantGroup section */

/* Begin XCBuildConfiguration section */
		2DD1AF232071C1E700BBB3AE /* Debug */ = {
			isa = XCBuildConfiguration;
			buildSettings = {
				ALWAYS_SEARCH_USER_PATHS = NO;
				CLANG_ANALYZER_NONNULL = YES;
				CLANG_ANALYZER_NUMBER_OBJECT_CONVERSION = YES_AGGRESSIVE;
				CLANG_CXX_LANGUAGE_STANDARD = "gnu++14";
				CLANG_CXX_LIBRARY = "libc++";
				CLANG_ENABLE_MODULES = YES;
				CLANG_ENABLE_OBJC_ARC = YES;
				CLANG_ENABLE_OBJC_WEAK = YES;
				CLANG_WARN_BLOCK_CAPTURE_AUTORELEASING = YES;
				CLANG_WARN_BOOL_CONVERSION = YES;
				CLANG_WARN_COMMA = YES;
				CLANG_WARN_CONSTANT_CONVERSION = YES;
				CLANG_WARN_DEPRECATED_OBJC_IMPLEMENTATIONS = YES;
				CLANG_WARN_DIRECT_OBJC_ISA_USAGE = YES_ERROR;
				CLANG_WARN_DOCUMENTATION_COMMENTS = YES;
				CLANG_WARN_EMPTY_BODY = YES;
				CLANG_WARN_ENUM_CONVERSION = YES;
				CLANG_WARN_INFINITE_RECURSION = YES;
				CLANG_WARN_INT_CONVERSION = YES;
				CLANG_WARN_NON_LITERAL_NULL_CONVERSION = YES;
				CLANG_WARN_OBJC_IMPLICIT_RETAIN_SELF = YES;
				CLANG_WARN_OBJC_LITERAL_CONVERSION = YES;
				CLANG_WARN_OBJC_ROOT_CLASS = YES_ERROR;
				CLANG_WARN_RANGE_LOOP_ANALYSIS = YES;
				CLANG_WARN_STRICT_PROTOTYPES = YES;
				CLANG_WARN_SUSPICIOUS_MOVE = YES;
				CLANG_WARN_UNGUARDED_AVAILABILITY = YES_AGGRESSIVE;
				CLANG_WARN_UNREACHABLE_CODE = YES;
				CLANG_WARN__DUPLICATE_METHOD_MATCH = YES;
				CODE_SIGN_IDENTITY = "iPhone Developer";
				COPY_PHASE_STRIP = NO;
				DEBUG_INFORMATION_FORMAT = dwarf;
				ENABLE_STRICT_OBJC_MSGSEND = YES;
				ENABLE_TESTABILITY = YES;
				GCC_C_LANGUAGE_STANDARD = gnu11;
				GCC_DYNAMIC_NO_PIC = NO;
				GCC_NO_COMMON_BLOCKS = YES;
				GCC_OPTIMIZATION_LEVEL = 0;
				GCC_PREPROCESSOR_DEFINITIONS = (
					"DEBUG=1",
					"$(inherited)",
				);
				GCC_WARN_64_TO_32_BIT_CONVERSION = YES;
				GCC_WARN_ABOUT_RETURN_TYPE = YES_ERROR;
				GCC_WARN_UNDECLARED_SELECTOR = YES;
				GCC_WARN_UNINITIALIZED_AUTOS = YES_AGGRESSIVE;
				GCC_WARN_UNUSED_FUNCTION = YES;
				GCC_WARN_UNUSED_VARIABLE = YES;
				IPHONEOS_DEPLOYMENT_TARGET = 11.3;
				MTL_ENABLE_DEBUG_INFO = YES;
				ONLY_ACTIVE_ARCH = YES;
				SDKROOT = iphoneos;
				SWIFT_ACTIVE_COMPILATION_CONDITIONS = DEBUG;
				SWIFT_OPTIMIZATION_LEVEL = "-Onone";
			};
			name = Debug;
		};
		2DD1AF242071C1E700BBB3AE /* Release */ = {
			isa = XCBuildConfiguration;
			buildSettings = {
				ALWAYS_SEARCH_USER_PATHS = NO;
				CLANG_ANALYZER_NONNULL = YES;
				CLANG_ANALYZER_NUMBER_OBJECT_CONVERSION = YES_AGGRESSIVE;
				CLANG_CXX_LANGUAGE_STANDARD = "gnu++14";
				CLANG_CXX_LIBRARY = "libc++";
				CLANG_ENABLE_MODULES = YES;
				CLANG_ENABLE_OBJC_ARC = YES;
				CLANG_ENABLE_OBJC_WEAK = YES;
				CLANG_WARN_BLOCK_CAPTURE_AUTORELEASING = YES;
				CLANG_WARN_BOOL_CONVERSION = YES;
				CLANG_WARN_COMMA = YES;
				CLANG_WARN_CONSTANT_CONVERSION = YES;
				CLANG_WARN_DEPRECATED_OBJC_IMPLEMENTATIONS = YES;
				CLANG_WARN_DIRECT_OBJC_ISA_USAGE = YES_ERROR;
				CLANG_WARN_DOCUMENTATION_COMMENTS = YES;
				CLANG_WARN_EMPTY_BODY = YES;
				CLANG_WARN_ENUM_CONVERSION = YES;
				CLANG_WARN_INFINITE_RECURSION = YES;
				CLANG_WARN_INT_CONVERSION = YES;
				CLANG_WARN_NON_LITERAL_NULL_CONVERSION = YES;
				CLANG_WARN_OBJC_IMPLICIT_RETAIN_SELF = YES;
				CLANG_WARN_OBJC_LITERAL_CONVERSION = YES;
				CLANG_WARN_OBJC_ROOT_CLASS = YES_ERROR;
				CLANG_WARN_RANGE_LOOP_ANALYSIS = YES;
				CLANG_WARN_STRICT_PROTOTYPES = YES;
				CLANG_WARN_SUSPICIOUS_MOVE = YES;
				CLANG_WARN_UNGUARDED_AVAILABILITY = YES_AGGRESSIVE;
				CLANG_WARN_UNREACHABLE_CODE = YES;
				CLANG_WARN__DUPLICATE_METHOD_MATCH = YES;
				CODE_SIGN_IDENTITY = "iPhone Developer";
				COPY_PHASE_STRIP = NO;
				DEBUG_INFORMATION_FORMAT = "dwarf-with-dsym";
				ENABLE_NS_ASSERTIONS = NO;
				ENABLE_STRICT_OBJC_MSGSEND = YES;
				GCC_C_LANGUAGE_STANDARD = gnu11;
				GCC_NO_COMMON_BLOCKS = YES;
				GCC_WARN_64_TO_32_BIT_CONVERSION = YES;
				GCC_WARN_ABOUT_RETURN_TYPE = YES_ERROR;
				GCC_WARN_UNDECLARED_SELECTOR = YES;
				GCC_WARN_UNINITIALIZED_AUTOS = YES_AGGRESSIVE;
				GCC_WARN_UNUSED_FUNCTION = YES;
				GCC_WARN_UNUSED_VARIABLE = YES;
				IPHONEOS_DEPLOYMENT_TARGET = 11.3;
				MTL_ENABLE_DEBUG_INFO = NO;
				SDKROOT = iphoneos;
				SWIFT_COMPILATION_MODE = wholemodule;
				SWIFT_OPTIMIZATION_LEVEL = "-O";
				VALIDATE_PRODUCT = YES;
			};
			name = Release;
		};
		2DD1AF262071C1E700BBB3AE /* Debug */ = {
			isa = XCBuildConfiguration;
			buildSettings = {
				ASSETCATALOG_COMPILER_APPICON_NAME = AppIcon;
				CODE_SIGN_STYLE = Automatic;
				DEVELOPMENT_TEAM = K89GKBEV27;
				INFOPLIST_FILE = hugh/Info.plist;
				LD_RUNPATH_SEARCH_PATHS = (
					"$(inherited)",
					"@executable_path/Frameworks",
				);
				PRODUCT_BUNDLE_IDENTIFIER = me.shavenking.hugh;
				PRODUCT_NAME = "$(TARGET_NAME)";
				SWIFT_VERSION = 4.0;
				TARGETED_DEVICE_FAMILY = "1,2";
			};
			name = Debug;
		};
		2DD1AF272071C1E700BBB3AE /* Release */ = {
			isa = XCBuildConfiguration;
			buildSettings = {
				ASSETCATALOG_COMPILER_APPICON_NAME = AppIcon;
				CODE_SIGN_STYLE = Automatic;
				DEVELOPMENT_TEAM = K89GKBEV27;
				INFOPLIST_FILE = hugh/Info.plist;
				LD_RUNPATH_SEARCH_PATHS = (
					"$(inherited)",
					"@executable_path/Frameworks",
				);
				PRODUCT_BUNDLE_IDENTIFIER = me.shavenking.hugh;
				PRODUCT_NAME = "$(TARGET_NAME)";
				SWIFT_VERSION = 4.0;
				TARGETED_DEVICE_FAMILY = "1,2";
			};
			name = Release;
		};
/* End XCBuildConfiguration section */

/* Begin XCConfigurationList section */
		2DD1AF0E2071C1E600BBB3AE /* Build configuration list for PBXProject "hugh" */ = {
			isa = XCConfigurationList;
			buildConfigurations = (
				2DD1AF232071C1E700BBB3AE /* Debug */,
				2DD1AF242071C1E700BBB3AE /* Release */,
			);
			defaultConfigurationIsVisible = 0;
			defaultConfigurationName = Release;
		};
		2DD1AF252071C1E700BBB3AE /* Build configuration list for PBXNativeTarget "hugh" */ = {
			isa = XCConfigurationList;
			buildConfigurations = (
				2DD1AF262071C1E700BBB3AE /* Debug */,
				2DD1AF272071C1E700BBB3AE /* Release */,
			);
			defaultConfigurationIsVisible = 0;
			defaultConfigurationName = Release;
		};
/* End XCConfigurationList section */
	};
	rootObject = 2DD1AF0B2071C1E600BBB3AE /* Project object */;
}
