// !$*UTF8*$!
{
	archiveVersion = 1;
	classes = {
	};
	objectVersion = 46;
	objects = {

/* Begin PBXBuildFile section */
		69D6029900B80C9C22E709AD /* ViewController.swift in Sources */ = {isa = PBXBuildFile; fileRef = 69D6061C4B2236065F7B12F8 /* ViewController.swift */; };
		69D6047FC0423032E35AF938 /* AppDelegate.swift in Sources */ = {isa = PBXBuildFile; fileRef = 69D60D56792DE09873F39A36 /* AppDelegate.swift */; };
		69D60B3275FD7636FD8F52D0 /* Assets.xcassets in Resources */ = {isa = PBXBuildFile; fileRef = 69D60FCD021CEA03209B3B92 /* Assets.xcassets */; };
		69D60C3522C98BA1D688FD98 /* Main.storyboard in Resources */ = {isa = PBXBuildFile; fileRef = 69D600C2F61C8D9AFFD1E2E3 /* Main.storyboard */; };
		69D60CDEBED6A7C9256D5E24 /* LaunchScreen.storyboard in Resources */ = {isa = PBXBuildFile; fileRef = 69D60E8E96B16E0DC9856A17 /* LaunchScreen.storyboard */; };
/* End PBXBuildFile section */

/* Begin PBXFileReference section */
		69D600B4037962ABB68F0554 /* Base */ = {isa = PBXFileReference; lastKnownFileType = file.storyboard; name = Base; path = Base.lproj/Main.storyboard; sourceTree = "<group>"; };
		69D602E6BE3CFA0E4F3DBC53 /* Base */ = {isa = PBXFileReference; lastKnownFileType = file.storyboard; name = Base; path = Base.lproj/LaunchScreen.storyboard; sourceTree = "<group>"; };
		69D602F90D6CAE091CDC335A /* Info.plist */ = {isa = PBXFileReference; lastKnownFileType = text.plist.info; path = Info.plist; sourceTree = "<group>"; };
		69D6061C4B2236065F7B12F8 /* ViewController.swift */ = {isa = PBXFileReference; lastKnownFileType = sourcecode.swift; path = ViewController.swift; sourceTree = "<group>"; };
		69D607C7E9F564CE44D4782A /* charizard.app */ = {isa = PBXFileReference; explicitFileType = wrapper.application; includeInIndex = 0; path = charizard.app; sourceTree = BUILT_PRODUCTS_DIR; };
		69D60D56792DE09873F39A36 /* AppDelegate.swift */ = {isa = PBXFileReference; lastKnownFileType = sourcecode.swift; path = AppDelegate.swift; sourceTree = "<group>"; };
		69D60FCD021CEA03209B3B92 /* Assets.xcassets */ = {isa = PBXFileReference; lastKnownFileType = folder.assetcatalog; path = Assets.xcassets; sourceTree = "<group>"; };
/* End PBXFileReference section */

/* Begin PBXFrameworksBuildPhase section */
		69D60A974F94673A6F63F333 /* Frameworks */ = {
			isa = PBXFrameworksBuildPhase;
			buildActionMask = 2147483647;
			files = (
			);
			runOnlyForDeploymentPostprocessing = 0;
		};
/* End PBXFrameworksBuildPhase section */

/* Begin PBXGroup section */
		69D606BE9320B36F7F5819C0 = {
			isa = PBXGroup;
			children = (
				69D60C2238DC58BB6E1E7BD6 /* Products */,
				69D60BC19BE43C3C71199A0F /* charizard */,
			);
			sourceTree = "<group>";
		};
		69D60BC19BE43C3C71199A0F /* charizard */ = {
			isa = PBXGroup;
			children = (
				69D602F90D6CAE091CDC335A /* Info.plist */,
				69D60FCD021CEA03209B3B92 /* Assets.xcassets */,
				69D60E8E96B16E0DC9856A17 /* LaunchScreen.storyboard */,
				69D60D56792DE09873F39A36 /* AppDelegate.swift */,
				69D600C2F61C8D9AFFD1E2E3 /* Main.storyboard */,
				69D6061C4B2236065F7B12F8 /* ViewController.swift */,
			);
			path = charizard;
			sourceTree = "<group>";
		};
		69D60C2238DC58BB6E1E7BD6 /* Products */ = {
			isa = PBXGroup;
			children = (
				69D607C7E9F564CE44D4782A /* charizard.app */,
			);
			name = Products;
			sourceTree = "<group>";
		};
/* End PBXGroup section */

/* Begin PBXNativeTarget section */
		69D60BDEF81DF4BF0A281C04 /* charizard */ = {
			isa = PBXNativeTarget;
			buildConfigurationList = 69D60F8876F18296047B5E62 /* Build configuration list for PBXNativeTarget "charizard" */;
			buildPhases = (
				69D60C02CF531B885FECDC4D /* Sources */,
				69D60A974F94673A6F63F333 /* Frameworks */,
				69D60F4F2BE0CFB9A3E3BBC7 /* Resources */,
			);
			buildRules = (
			);
			dependencies = (
			);
			name = charizard;
			productName = charizard;
			productReference = 69D607C7E9F564CE44D4782A /* charizard.app */;
			productType = "com.apple.product-type.application";
		};
/* End PBXNativeTarget section */

/* Begin PBXProject section */
		69D603F8DCE5208E1FC8516F /* Project object */ = {
			isa = PBXProject;
			attributes = {
				ORGANIZATIONNAME = "___FULLUSERNAME___";
			};
			buildConfigurationList = 69D60DC01C4B8DC3195DB6F0 /* Build configuration list for PBXProject "charizard" */;
			compatibilityVersion = "Xcode 3.2";
			developmentRegion = English;
			hasScannedForEncodings = 0;
			knownRegions = (
				en,
			);
			mainGroup = 69D606BE9320B36F7F5819C0;
			productRefGroup = 69D60C2238DC58BB6E1E7BD6 /* Products */;
			projectDirPath = "";
			projectRoot = "";
			targets = (
				69D60BDEF81DF4BF0A281C04 /* charizard */,
			);
		};
/* End PBXProject section */

/* Begin PBXResourcesBuildPhase section */
		69D60F4F2BE0CFB9A3E3BBC7 /* Resources */ = {
			isa = PBXResourcesBuildPhase;
			buildActionMask = 2147483647;
			files = (
				69D60B3275FD7636FD8F52D0 /* Assets.xcassets in Resources */,
				69D60CDEBED6A7C9256D5E24 /* LaunchScreen.storyboard in Resources */,
				69D60C3522C98BA1D688FD98 /* Main.storyboard in Resources */,
			);
			runOnlyForDeploymentPostprocessing = 0;
		};
/* End PBXResourcesBuildPhase section */

/* Begin PBXSourcesBuildPhase section */
		69D60C02CF531B885FECDC4D /* Sources */ = {
			isa = PBXSourcesBuildPhase;
			buildActionMask = 2147483647;
			files = (
				69D6047FC0423032E35AF938 /* AppDelegate.swift in Sources */,
				69D6029900B80C9C22E709AD /* ViewController.swift in Sources */,
			);
			runOnlyForDeploymentPostprocessing = 0;
		};
/* End PBXSourcesBuildPhase section */

/* Begin PBXVariantGroup section */
		69D600C2F61C8D9AFFD1E2E3 /* Main.storyboard */ = {
			isa = PBXVariantGroup;
			children = (
				69D600B4037962ABB68F0554 /* Base */,
			);
			name = Main.storyboard;
			sourceTree = "<group>";
		};
		69D60E8E96B16E0DC9856A17 /* LaunchScreen.storyboard */ = {
			isa = PBXVariantGroup;
			children = (
				69D602E6BE3CFA0E4F3DBC53 /* Base */,
			);
			name = LaunchScreen.storyboard;
			sourceTree = "<group>";
		};
/* End PBXVariantGroup section */

/* Begin XCBuildConfiguration section */
		69D60663AC5D39797A227C15 /* Debug */ = {
			isa = XCBuildConfiguration;
			buildSettings = {
				ASSETCATALOG_COMPILER_APPICON_NAME = AppIcon;
				INFOPLIST_FILE = charizard/Info.plist;
				LD_RUNPATH_SEARCH_PATHS = "$(inherited) @executable_path/Frameworks";
				PRODUCT_BUNDLE_IDENTIFIER = me.shavenking.charizard;
				PRODUCT_NAME = "$(TARGET_NAME)";
				SWIFT_VERSION = 4.0;
				TARGETED_DEVICE_FAMILY = "1,2";
			};
			name = Debug;
		};
		69D606CEFD0A190412D0B335 /* Release */ = {
			isa = XCBuildConfiguration;
			buildSettings = {
				ALWAYS_SEARCH_USER_PATHS = NO;
				CLANG_ANALYZER_NONNULL = YES;
				CLANG_ANALYZER_NUMBER_OBJECT_CONVERSION = YES_AGGRESSIVE;
				CLANG_CXX_LANGUAGE_STANDARD = "gnu++14";
				CLANG_CXX_LIBRARY = "libc++";
				CLANG_ENABLE_MODULES = YES;
				CLANG_ENABLE_OBJC_ARC = YES;
				CLANG_WARN_BLOCK_CAPTURE_AUTORELEASING = YES;
				CLANG_WARN_BOOL_CONVERSION = YES;
				CLANG_WARN_COMMA = YES;
				CLANG_WARN_CONSTANT_CONVERSION = YES;
				CLANG_WARN_DIRECT_OBJC_ISA_USAGE = YES_ERROR;
				CLANG_WARN_DOCUMENTATION_COMMENTS = YES;
				CLANG_WARN_EMPTY_BODY = YES;
				CLANG_WARN_ENUM_CONVERSION = YES;
				CLANG_WARN_INFINITE_RECURSION = YES;
				CLANG_WARN_INT_CONVERSION = YES;
				CLANG_WARN_NON_LITERAL_NULL_CONVERSION = YES;
				CLANG_WARN_OBJC_LITERAL_CONVERSION = YES;
				CLANG_WARN_OBJC_ROOT_CLASS = YES_ERROR;
				CLANG_WARN_RANGE_LOOP_ANALYSIS = YES;
				CLANG_WARN_STRICT_PROTOTYPES = YES;
				CLANG_WARN_SUSPICIOUS_MOVE = YES;
				CLANG_WARN_UNGUARDED_AVAILABILITY = YES_AGGRESSIVE;
				CLANG_WARN_UNREACHABLE_CODE = YES;
				CLANG_WARN__DUPLICATE_METHOD_MATCH = YES;
				CODE_SIGN_IDENTITY = "iPhone Developer";
				COPY_PHASE_STRIP = NO;
				DEBUG_INFORMATION_FORMAT = "dwarf-with-dsym";
				ENABLE_NS_ASSERTIONS = NO;
				ENABLE_STRICT_OBJC_MSGSEND = YES;
				GCC_C_LANGUAGE_STANDARD = gnu11;
				GCC_NO_COMMON_BLOCKS = YES;
				GCC_WARN_64_TO_32_BIT_CONVERSION = YES;
				GCC_WARN_ABOUT_RETURN_TYPE = YES_ERROR;
				GCC_WARN_UNDECLARED_SELECTOR = YES;
				GCC_WARN_UNINITIALIZED_AUTOS = YES_AGGRESSIVE;
				GCC_WARN_UNUSED_FUNCTION = YES;
				GCC_WARN_UNUSED_VARIABLE = YES;
				IPHONEOS_DEPLOYMENT_TARGET = 11.2;
				MTL_ENABLE_DEBUG_INFO = NO;
				SDKROOT = iphoneos;
				SWIFT_OPTIMIZATION_LEVEL = "-Owholemodule";
				VALIDATE_PRODUCT = YES;
			};
			name = Release;
		};
		69D60D6C43C53316F7F8D269 /* Debug */ = {
			isa = XCBuildConfiguration;
			buildSettings = {
				ALWAYS_SEARCH_USER_PATHS = NO;
				CLANG_ANALYZER_NONNULL = YES;
				CLANG_ANALYZER_NUMBER_OBJECT_CONVERSION = YES_AGGRESSIVE;
				CLANG_CXX_LANGUAGE_STANDARD = "gnu++14";
				CLANG_CXX_LIBRARY = "libc++";
				CLANG_ENABLE_MODULES = YES;
				CLANG_ENABLE_OBJC_ARC = YES;
				CLANG_WARN_BLOCK_CAPTURE_AUTORELEASING = YES;
				CLANG_WARN_BOOL_CONVERSION = YES;
				CLANG_WARN_COMMA = YES;
				CLANG_WARN_CONSTANT_CONVERSION = YES;
				CLANG_WARN_DIRECT_OBJC_ISA_USAGE = YES_ERROR;
				CLANG_WARN_DOCUMENTATION_COMMENTS = YES;
				CLANG_WARN_EMPTY_BODY = YES;
				CLANG_WARN_ENUM_CONVERSION = YES;
				CLANG_WARN_INFINITE_RECURSION = YES;
				CLANG_WARN_INT_CONVERSION = YES;
				CLANG_WARN_NON_LITERAL_NULL_CONVERSION = YES;
				CLANG_WARN_OBJC_LITERAL_CONVERSION = YES;
				CLANG_WARN_OBJC_ROOT_CLASS = YES_ERROR;
				CLANG_WARN_RANGE_LOOP_ANALYSIS = YES;
				CLANG_WARN_STRICT_PROTOTYPES = YES;
				CLANG_WARN_SUSPICIOUS_MOVE = YES;
				CLANG_WARN_UNGUARDED_AVAILABILITY = YES_AGGRESSIVE;
				CLANG_WARN_UNREACHABLE_CODE = YES;
				CLANG_WARN__DUPLICATE_METHOD_MATCH = YES;
				CODE_SIGN_IDENTITY = "iPhone Developer";
				COPY_PHASE_STRIP = NO;
				DEBUG_INFORMATION_FORMAT = dwarf;
				ENABLE_STRICT_OBJC_MSGSEND = YES;
				ENABLE_TESTABILITY = YES;
				GCC_C_LANGUAGE_STANDARD = gnu11;
				GCC_DYNAMIC_NO_PIC = NO;
				GCC_NO_COMMON_BLOCKS = YES;
				GCC_OPTIMIZATION_LEVEL = 0;
				GCC_PREPROCESSOR_DEFINITIONS = (
					"DEBUG=1",
					"$(inherited)",
				);
				GCC_WARN_64_TO_32_BIT_CONVERSION = YES;
				GCC_WARN_ABOUT_RETURN_TYPE = YES_ERROR;
				GCC_WARN_UNDECLARED_SELECTOR = YES;
				GCC_WARN_UNINITIALIZED_AUTOS = YES_AGGRESSIVE;
				GCC_WARN_UNUSED_FUNCTION = YES;
				GCC_WARN_UNUSED_VARIABLE = YES;
				IPHONEOS_DEPLOYMENT_TARGET = 11.2;
				MTL_ENABLE_DEBUG_INFO = YES;
				ONLY_ACTIVE_ARCH = YES;
				SDKROOT = iphoneos;
				SWIFT_ACTIVE_COMPILATION_CONDITIONS = DEBUG;
				SWIFT_OPTIMIZATION_LEVEL = "-Onone";
			};
			name = Debug;
		};
		69D60EC002FC3A3EDF16A467 /* Release */ = {
			isa = XCBuildConfiguration;
			buildSettings = {
				ASSETCATALOG_COMPILER_APPICON_NAME = AppIcon;
				INFOPLIST_FILE = charizard/Info.plist;
				LD_RUNPATH_SEARCH_PATHS = "$(inherited) @executable_path/Frameworks";
				PRODUCT_BUNDLE_IDENTIFIER = me.shavenking.charizard;
				PRODUCT_NAME = "$(TARGET_NAME)";
				SWIFT_VERSION = 4.0;
				TARGETED_DEVICE_FAMILY = "1,2";
			};
			name = Release;
		};
/* End XCBuildConfiguration section */

/* Begin XCConfigurationList section */
		69D60DC01C4B8DC3195DB6F0 /* Build configuration list for PBXProject "charizard" */ = {
			isa = XCConfigurationList;
			buildConfigurations = (
				69D60D6C43C53316F7F8D269 /* Debug */,
				69D606CEFD0A190412D0B335 /* Release */,
			);
			defaultConfigurationIsVisible = 0;
			defaultConfigurationName = Release;
		};
		69D60F8876F18296047B5E62 /* Build configuration list for PBXNativeTarget "charizard" */ = {
			isa = XCConfigurationList;
			buildConfigurations = (
				69D60663AC5D39797A227C15 /* Debug */,
				69D60EC002FC3A3EDF16A467 /* Release */,
			);
			defaultConfigurationIsVisible = 0;
		};
/* End XCConfigurationList section */
	};
	rootObject = 69D603F8DCE5208E1FC8516F /* Project object */;
}
