// !$*UTF8*$!
{
	archiveVersion = 1;
	classes = {
	};
	objectVersion = 48;
	objects = {

/* Begin PBXBuildFile section */
		703A666C205F59D200828719 /* AppDelegate.swift in Sources */ = {isa = PBXBuildFile; fileRef = 703A666B205F59D200828719 /* AppDelegate.swift */; };
		703A666E205F59D200828719 /* ViewController.swift in Sources */ = {isa = PBXBuildFile; fileRef = 703A666D205F59D200828719 /* ViewController.swift */; };
		703A6671205F59D200828719 /* Main.storyboard in Resources */ = {isa = PBXBuildFile; fileRef = 703A666F205F59D200828719 /* Main.storyboard */; };
		703A6673205F59D200828719 /* Assets.xcassets in Resources */ = {isa = PBXBuildFile; fileRef = 703A6672205F59D200828719 /* Assets.xcassets */; };
		703A6676205F59D200828719 /* LaunchScreen.storyboard in Resources */ = {isa = PBXBuildFile; fileRef = 703A6674205F59D200828719 /* LaunchScreen.storyboard */; };
		703A667E205F5B1200828719 /* Flavor.swift in Sources */ = {isa = PBXBuildFile; fileRef = 703A667D205F5B1200828719 /* Flavor.swift */; };
		703A6680205F5D0200828719 /* Cookwares.swift in Sources */ = {isa = PBXBuildFile; fileRef = 703A667F205F5D0200828719 /* Cookwares.swift */; };
		703A6683205F65A000828719 /* Storages.swift in Sources */ = {isa = PBXBuildFile; fileRef = 703A6682205F65A000828719 /* Storages.swift */; };
		703A6685205F65E800828719 /* Chief.swift in Sources */ = {isa = PBXBuildFile; fileRef = 703A6684205F65E800828719 /* Chief.swift */; };
		703A6688205F6C6800828719 /* FriedRice.swift in Sources */ = {isa = PBXBuildFile; fileRef = 703A6687205F6C6800828719 /* FriedRice.swift */; };
		703A668C205F99FC00828719 /* Rice.swift in Sources */ = {isa = PBXBuildFile; fileRef = 703A668B205F99FC00828719 /* Rice.swift */; };
		703A668F205F9A2800828719 /* Eggs.swift in Sources */ = {isa = PBXBuildFile; fileRef = 703A668E205F9A2800828719 /* Eggs.swift */; };
/* End PBXBuildFile section */

/* Begin PBXFileReference section */
		703A6668205F59D200828719 /* Gavin.app */ = {isa = PBXFileReference; explicitFileType = wrapper.application; includeInIndex = 0; path = Gavin.app; sourceTree = BUILT_PRODUCTS_DIR; };
		703A666B205F59D200828719 /* AppDelegate.swift */ = {isa = PBXFileReference; lastKnownFileType = sourcecode.swift; path = AppDelegate.swift; sourceTree = "<group>"; };
		703A666D205F59D200828719 /* ViewController.swift */ = {isa = PBXFileReference; lastKnownFileType = sourcecode.swift; path = ViewController.swift; sourceTree = "<group>"; };
		703A6670205F59D200828719 /* Base */ = {isa = PBXFileReference; lastKnownFileType = file.storyboard; name = Base; path = Base.lproj/Main.storyboard; sourceTree = "<group>"; };
		703A6672205F59D200828719 /* Assets.xcassets */ = {isa = PBXFileReference; lastKnownFileType = folder.assetcatalog; path = Assets.xcassets; sourceTree = "<group>"; };
		703A6675205F59D200828719 /* Base */ = {isa = PBXFileReference; lastKnownFileType = file.storyboard; name = Base; path = Base.lproj/LaunchScreen.storyboard; sourceTree = "<group>"; };
		703A6677205F59D200828719 /* Info.plist */ = {isa = PBXFileReference; lastKnownFileType = text.plist.xml; path = Info.plist; sourceTree = "<group>"; };
		703A667D205F5B1200828719 /* Flavor.swift */ = {isa = PBXFileReference; lastKnownFileType = sourcecode.swift; path = Flavor.swift; sourceTree = "<group>"; };
		703A667F205F5D0200828719 /* Cookwares.swift */ = {isa = PBXFileReference; lastKnownFileType = sourcecode.swift; path = Cookwares.swift; sourceTree = "<group>"; };
		703A6682205F65A000828719 /* Storages.swift */ = {isa = PBXFileReference; lastKnownFileType = sourcecode.swift; path = Storages.swift; sourceTree = "<group>"; };
		703A6684205F65E800828719 /* Chief.swift */ = {isa = PBXFileReference; lastKnownFileType = sourcecode.swift; path = Chief.swift; sourceTree = "<group>"; };
		703A6687205F6C6800828719 /* FriedRice.swift */ = {isa = PBXFileReference; lastKnownFileType = sourcecode.swift; path = FriedRice.swift; sourceTree = "<group>"; };
		703A668B205F99FC00828719 /* Rice.swift */ = {isa = PBXFileReference; lastKnownFileType = sourcecode.swift; path = Rice.swift; sourceTree = "<group>"; };
		703A668E205F9A2800828719 /* Eggs.swift */ = {isa = PBXFileReference; lastKnownFileType = sourcecode.swift; path = Eggs.swift; sourceTree = "<group>"; };
/* End PBXFileReference section */

/* Begin PBXFrameworksBuildPhase section */
		703A6665205F59D200828719 /* Frameworks */ = {
			isa = PBXFrameworksBuildPhase;
			buildActionMask = 2147483647;
			files = (
			);
			runOnlyForDeploymentPostprocessing = 0;
		};
/* End PBXFrameworksBuildPhase section */

/* Begin PBXGroup section */
		703A665F205F59D200828719 = {
			isa = PBXGroup;
			children = (
				703A666A205F59D200828719 /* Gavin */,
				703A6669205F59D200828719 /* Products */,
			);
			sourceTree = "<group>";
		};
		703A6669205F59D200828719 /* Products */ = {
			isa = PBXGroup;
			children = (
				703A6668205F59D200828719 /* Gavin.app */,
			);
			name = Products;
			sourceTree = "<group>";
		};
		703A666A205F59D200828719 /* Gavin */ = {
			isa = PBXGroup;
			children = (
				703A6691205FAB0300828719 /* Tools */,
				703A6689205F99D700828719 /* Ingredients */,
				703A6686205F6C2E00828719 /* Protocols */,
				703A666B205F59D200828719 /* AppDelegate.swift */,
				703A666D205F59D200828719 /* ViewController.swift */,
				703A666F205F59D200828719 /* Main.storyboard */,
				703A6672205F59D200828719 /* Assets.xcassets */,
				703A6674205F59D200828719 /* LaunchScreen.storyboard */,
				703A6677205F59D200828719 /* Info.plist */,
				703A6684205F65E800828719 /* Chief.swift */,
			);
			path = Gavin;
			sourceTree = "<group>";
		};
		703A6686205F6C2E00828719 /* Protocols */ = {
			isa = PBXGroup;
			children = (
				703A6687205F6C6800828719 /* FriedRice.swift */,
			);
			path = Protocols;
			sourceTree = "<group>";
		};
		703A6689205F99D700828719 /* Ingredients */ = {
			isa = PBXGroup;
			children = (
				703A6690205F9B1A00828719 /* Others */,
				703A668D205F9A1100828719 /* Eggs */,
				703A668A205F99E600828719 /* Rice */,
			);
			path = Ingredients;
			sourceTree = "<group>";
		};
		703A668A205F99E600828719 /* Rice */ = {
			isa = PBXGroup;
			children = (
				703A668B205F99FC00828719 /* Rice.swift */,
			);
			path = Rice;
			sourceTree = "<group>";
		};
		703A668D205F9A1100828719 /* Eggs */ = {
			isa = PBXGroup;
			children = (
				703A668E205F9A2800828719 /* Eggs.swift */,
			);
			path = Eggs;
			sourceTree = "<group>";
		};
		703A6690205F9B1A00828719 /* Others */ = {
			isa = PBXGroup;
			children = (
				703A667D205F5B1200828719 /* Flavor.swift */,
			);
			path = Others;
			sourceTree = "<group>";
		};
		703A6691205FAB0300828719 /* Tools */ = {
			isa = PBXGroup;
			children = (
				703A667F205F5D0200828719 /* Cookwares.swift */,
				703A6682205F65A000828719 /* Storages.swift */,
			);
			path = Tools;
			sourceTree = "<group>";
		};
/* End PBXGroup section */

/* Begin PBXNativeTarget section */
		703A6667205F59D200828719 /* Gavin */ = {
			isa = PBXNativeTarget;
			buildConfigurationList = 703A667A205F59D200828719 /* Build configuration list for PBXNativeTarget "Gavin" */;
			buildPhases = (
				703A6664205F59D200828719 /* Sources */,
				703A6665205F59D200828719 /* Frameworks */,
				703A6666205F59D200828719 /* Resources */,
			);
			buildRules = (
			);
			dependencies = (
			);
			name = Gavin;
			productName = Gavin;
			productReference = 703A6668205F59D200828719 /* Gavin.app */;
			productType = "com.apple.product-type.application";
		};
/* End PBXNativeTarget section */

/* Begin PBXProject section */
		703A6660205F59D200828719 /* Project object */ = {
			isa = PBXProject;
			attributes = {
				LastSwiftUpdateCheck = 0920;
				LastUpgradeCheck = 0920;
				ORGANIZATIONNAME = PinguMac;
				TargetAttributes = {
					703A6667205F59D200828719 = {
						CreatedOnToolsVersion = 9.2;
						ProvisioningStyle = Automatic;
					};
				};
			};
			buildConfigurationList = 703A6663205F59D200828719 /* Build configuration list for PBXProject "Gavin" */;
			compatibilityVersion = "Xcode 8.0";
			developmentRegion = en;
			hasScannedForEncodings = 0;
			knownRegions = (
				en,
				Base,
			);
			mainGroup = 703A665F205F59D200828719;
			productRefGroup = 703A6669205F59D200828719 /* Products */;
			projectDirPath = "";
			projectRoot = "";
			targets = (
				703A6667205F59D200828719 /* Gavin */,
			);
		};
/* End PBXProject section */

/* Begin PBXResourcesBuildPhase section */
		703A6666205F59D200828719 /* Resources */ = {
			isa = PBXResourcesBuildPhase;
			buildActionMask = 2147483647;
			files = (
				703A6676205F59D200828719 /* LaunchScreen.storyboard in Resources */,
				703A6673205F59D200828719 /* Assets.xcassets in Resources */,
				703A6671205F59D200828719 /* Main.storyboard in Resources */,
			);
			runOnlyForDeploymentPostprocessing = 0;
		};
/* End PBXResourcesBuildPhase section */

/* Begin PBXSourcesBuildPhase section */
		703A6664205F59D200828719 /* Sources */ = {
			isa = PBXSourcesBuildPhase;
			buildActionMask = 2147483647;
			files = (
				703A668C205F99FC00828719 /* Rice.swift in Sources */,
				703A6683205F65A000828719 /* Storages.swift in Sources */,
				703A6680205F5D0200828719 /* Cookwares.swift in Sources */,
				703A666E205F59D200828719 /* ViewController.swift in Sources */,
				703A668F205F9A2800828719 /* Eggs.swift in Sources */,
				703A6688205F6C6800828719 /* FriedRice.swift in Sources */,
				703A6685205F65E800828719 /* Chief.swift in Sources */,
				703A667E205F5B1200828719 /* Flavor.swift in Sources */,
				703A666C205F59D200828719 /* AppDelegate.swift in Sources */,
			);
			runOnlyForDeploymentPostprocessing = 0;
		};
/* End PBXSourcesBuildPhase section */

/* Begin PBXVariantGroup section */
		703A666F205F59D200828719 /* Main.storyboard */ = {
			isa = PBXVariantGroup;
			children = (
				703A6670205F59D200828719 /* Base */,
			);
			name = Main.storyboard;
			sourceTree = "<group>";
		};
		703A6674205F59D200828719 /* LaunchScreen.storyboard */ = {
			isa = PBXVariantGroup;
			children = (
				703A6675205F59D200828719 /* Base */,
			);
			name = LaunchScreen.storyboard;
			sourceTree = "<group>";
		};
/* End PBXVariantGroup section */

/* Begin XCBuildConfiguration section */
		703A6678205F59D200828719 /* Debug */ = {
			isa = XCBuildConfiguration;
			buildSettings = {
				ALWAYS_SEARCH_USER_PATHS = NO;
				CLANG_ANALYZER_NONNULL = YES;
				CLANG_ANALYZER_NUMBER_OBJECT_CONVERSION = YES_AGGRESSIVE;
				CLANG_CXX_LANGUAGE_STANDARD = "gnu++14";
				CLANG_CXX_LIBRARY = "libc++";
				CLANG_ENABLE_MODULES = YES;
				CLANG_ENABLE_OBJC_ARC = YES;
				CLANG_WARN_BLOCK_CAPTURE_AUTORELEASING = YES;
				CLANG_WARN_BOOL_CONVERSION = YES;
				CLANG_WARN_COMMA = YES;
				CLANG_WARN_CONSTANT_CONVERSION = YES;
				CLANG_WARN_DIRECT_OBJC_ISA_USAGE = YES_ERROR;
				CLANG_WARN_DOCUMENTATION_COMMENTS = YES;
				CLANG_WARN_EMPTY_BODY = YES;
				CLANG_WARN_ENUM_CONVERSION = YES;
				CLANG_WARN_INFINITE_RECURSION = YES;
				CLANG_WARN_INT_CONVERSION = YES;
				CLANG_WARN_NON_LITERAL_NULL_CONVERSION = YES;
				CLANG_WARN_OBJC_LITERAL_CONVERSION = YES;
				CLANG_WARN_OBJC_ROOT_CLASS = YES_ERROR;
				CLANG_WARN_RANGE_LOOP_ANALYSIS = YES;
				CLANG_WARN_STRICT_PROTOTYPES = YES;
				CLANG_WARN_SUSPICIOUS_MOVE = YES;
				CLANG_WARN_UNGUARDED_AVAILABILITY = YES_AGGRESSIVE;
				CLANG_WARN_UNREACHABLE_CODE = YES;
				CLANG_WARN__DUPLICATE_METHOD_MATCH = YES;
				CODE_SIGN_IDENTITY = "iPhone Developer";
				COPY_PHASE_STRIP = NO;
				DEBUG_INFORMATION_FORMAT = dwarf;
				ENABLE_STRICT_OBJC_MSGSEND = YES;
				ENABLE_TESTABILITY = YES;
				GCC_C_LANGUAGE_STANDARD = gnu11;
				GCC_DYNAMIC_NO_PIC = NO;
				GCC_NO_COMMON_BLOCKS = YES;
				GCC_OPTIMIZATION_LEVEL = 0;
				GCC_PREPROCESSOR_DEFINITIONS = (
					"DEBUG=1",
					"$(inherited)",
				);
				GCC_WARN_64_TO_32_BIT_CONVERSION = YES;
				GCC_WARN_ABOUT_RETURN_TYPE = YES_ERROR;
				GCC_WARN_UNDECLARED_SELECTOR = YES;
				GCC_WARN_UNINITIALIZED_AUTOS = YES_AGGRESSIVE;
				GCC_WARN_UNUSED_FUNCTION = YES;
				GCC_WARN_UNUSED_VARIABLE = YES;
				IPHONEOS_DEPLOYMENT_TARGET = 11.2;
				MTL_ENABLE_DEBUG_INFO = YES;
				ONLY_ACTIVE_ARCH = YES;
				SDKROOT = iphoneos;
				SWIFT_ACTIVE_COMPILATION_CONDITIONS = DEBUG;
				SWIFT_OPTIMIZATION_LEVEL = "-Onone";
			};
			name = Debug;
		};
		703A6679205F59D200828719 /* Release */ = {
			isa = XCBuildConfiguration;
			buildSettings = {
				ALWAYS_SEARCH_USER_PATHS = NO;
				CLANG_ANALYZER_NONNULL = YES;
				CLANG_ANALYZER_NUMBER_OBJECT_CONVERSION = YES_AGGRESSIVE;
				CLANG_CXX_LANGUAGE_STANDARD = "gnu++14";
				CLANG_CXX_LIBRARY = "libc++";
				CLANG_ENABLE_MODULES = YES;
				CLANG_ENABLE_OBJC_ARC = YES;
				CLANG_WARN_BLOCK_CAPTURE_AUTORELEASING = YES;
				CLANG_WARN_BOOL_CONVERSION = YES;
				CLANG_WARN_COMMA = YES;
				CLANG_WARN_CONSTANT_CONVERSION = YES;
				CLANG_WARN_DIRECT_OBJC_ISA_USAGE = YES_ERROR;
				CLANG_WARN_DOCUMENTATION_COMMENTS = YES;
				CLANG_WARN_EMPTY_BODY = YES;
				CLANG_WARN_ENUM_CONVERSION = YES;
				CLANG_WARN_INFINITE_RECURSION = YES;
				CLANG_WARN_INT_CONVERSION = YES;
				CLANG_WARN_NON_LITERAL_NULL_CONVERSION = YES;
				CLANG_WARN_OBJC_LITERAL_CONVERSION = YES;
				CLANG_WARN_OBJC_ROOT_CLASS = YES_ERROR;
				CLANG_WARN_RANGE_LOOP_ANALYSIS = YES;
				CLANG_WARN_STRICT_PROTOTYPES = YES;
				CLANG_WARN_SUSPICIOUS_MOVE = YES;
				CLANG_WARN_UNGUARDED_AVAILABILITY = YES_AGGRESSIVE;
				CLANG_WARN_UNREACHABLE_CODE = YES;
				CLANG_WARN__DUPLICATE_METHOD_MATCH = YES;
				CODE_SIGN_IDENTITY = "iPhone Developer";
				COPY_PHASE_STRIP = NO;
				DEBUG_INFORMATION_FORMAT = "dwarf-with-dsym";
				ENABLE_NS_ASSERTIONS = NO;
				ENABLE_STRICT_OBJC_MSGSEND = YES;
				GCC_C_LANGUAGE_STANDARD = gnu11;
				GCC_NO_COMMON_BLOCKS = YES;
				GCC_WARN_64_TO_32_BIT_CONVERSION = YES;
				GCC_WARN_ABOUT_RETURN_TYPE = YES_ERROR;
				GCC_WARN_UNDECLARED_SELECTOR = YES;
				GCC_WARN_UNINITIALIZED_AUTOS = YES_AGGRESSIVE;
				GCC_WARN_UNUSED_FUNCTION = YES;
				GCC_WARN_UNUSED_VARIABLE = YES;
				IPHONEOS_DEPLOYMENT_TARGET = 11.2;
				MTL_ENABLE_DEBUG_INFO = NO;
				SDKROOT = iphoneos;
				SWIFT_OPTIMIZATION_LEVEL = "-Owholemodule";
				VALIDATE_PRODUCT = YES;
			};
			name = Release;
		};
		703A667B205F59D200828719 /* Debug */ = {
			isa = XCBuildConfiguration;
			buildSettings = {
				ASSETCATALOG_COMPILER_APPICON_NAME = AppIcon;
				CODE_SIGN_STYLE = Automatic;
				DEVELOPMENT_TEAM = XRUZX72PMD;
				INFOPLIST_FILE = Gavin/Info.plist;
				LD_RUNPATH_SEARCH_PATHS = "$(inherited) @executable_path/Frameworks";
				PRODUCT_BUNDLE_IDENTIFIER = PinguDemo.Gavin;
				PRODUCT_NAME = "$(TARGET_NAME)";
				SWIFT_VERSION = 4.0;
				TARGETED_DEVICE_FAMILY = "1,2";
			};
			name = Debug;
		};
		703A667C205F59D200828719 /* Release */ = {
			isa = XCBuildConfiguration;
			buildSettings = {
				ASSETCATALOG_COMPILER_APPICON_NAME = AppIcon;
				CODE_SIGN_STYLE = Automatic;
				DEVELOPMENT_TEAM = XRUZX72PMD;
				INFOPLIST_FILE = Gavin/Info.plist;
				LD_RUNPATH_SEARCH_PATHS = "$(inherited) @executable_path/Frameworks";
				PRODUCT_BUNDLE_IDENTIFIER = PinguDemo.Gavin;
				PRODUCT_NAME = "$(TARGET_NAME)";
				SWIFT_VERSION = 4.0;
				TARGETED_DEVICE_FAMILY = "1,2";
			};
			name = Release;
		};
/* End XCBuildConfiguration section */

/* Begin XCConfigurationList section */
		703A6663205F59D200828719 /* Build configuration list for PBXProject "Gavin" */ = {
			isa = XCConfigurationList;
			buildConfigurations = (
				703A6678205F59D200828719 /* Debug */,
				703A6679205F59D200828719 /* Release */,
			);
			defaultConfigurationIsVisible = 0;
			defaultConfigurationName = Release;
		};
		703A667A205F59D200828719 /* Build configuration list for PBXNativeTarget "Gavin" */ = {
			isa = XCConfigurationList;
			buildConfigurations = (
				703A667B205F59D200828719 /* Debug */,
				703A667C205F59D200828719 /* Release */,
			);
			defaultConfigurationIsVisible = 0;
			defaultConfigurationName = Release;
		};
/* End XCConfigurationList section */
	};
	rootObject = 703A6660205F59D200828719 /* Project object */;
}
