// !$*UTF8*$!
{
	archiveVersion = 1;
	classes = {
	};
	objectVersion = 48;
	objects = {

/* Begin PBXBuildFile section */
		D60532C1202EA8B2005A3BD9 /* GameLogic.swift in Sources */ = {isa = PBXBuildFile; fileRef = D60532C0202EA8B2005A3BD9 /* GameLogic.swift */; };
		D656F4AF202C440C00E1DBE3 /* Boss.swift in Sources */ = {isa = PBXBuildFile; fileRef = D656F4AE202C440C00E1DBE3 /* Boss.swift */; };
		D6F04C2C202C1B7500C5664A /* AppDelegate.swift in Sources */ = {isa = PBXBuildFile; fileRef = D6F04C2B202C1B7500C5664A /* AppDelegate.swift */; };
		D6F04C2E202C1B7500C5664A /* ViewController.swift in Sources */ = {isa = PBXBuildFile; fileRef = D6F04C2D202C1B7500C5664A /* ViewController.swift */; };
		D6F04C31202C1B7500C5664A /* Main.storyboard in Resources */ = {isa = PBXBuildFile; fileRef = D6F04C2F202C1B7500C5664A /* Main.storyboard */; };
		D6F04C33202C1B7500C5664A /* Assets.xcassets in Resources */ = {isa = PBXBuildFile; fileRef = D6F04C32202C1B7500C5664A /* Assets.xcassets */; };
		D6F04C36202C1B7500C5664A /* LaunchScreen.storyboard in Resources */ = {isa = PBXBuildFile; fileRef = D6F04C34202C1B7500C5664A /* LaunchScreen.storyboard */; };
		D6F04C42202C212D00C5664A /* ChoicesModel.swift in Sources */ = {isa = PBXBuildFile; fileRef = D6F04C41202C212D00C5664A /* ChoicesModel.swift */; };
		D6F04C44202C2E7300C5664A /* Player.swift in Sources */ = {isa = PBXBuildFile; fileRef = D6F04C43202C2E7300C5664A /* Player.swift */; };
/* End PBXBuildFile section */

/* Begin PBXFileReference section */
		D60532C0202EA8B2005A3BD9 /* GameLogic.swift */ = {isa = PBXFileReference; lastKnownFileType = sourcecode.swift; path = GameLogic.swift; sourceTree = "<group>"; };
		D656F4AE202C440C00E1DBE3 /* Boss.swift */ = {isa = PBXFileReference; lastKnownFileType = sourcecode.swift; path = Boss.swift; sourceTree = "<group>"; };
		D6F04C28202C1B7500C5664A /* SmallGame.app */ = {isa = PBXFileReference; explicitFileType = wrapper.application; includeInIndex = 0; path = SmallGame.app; sourceTree = BUILT_PRODUCTS_DIR; };
		D6F04C2B202C1B7500C5664A /* AppDelegate.swift */ = {isa = PBXFileReference; lastKnownFileType = sourcecode.swift; path = AppDelegate.swift; sourceTree = "<group>"; };
		D6F04C2D202C1B7500C5664A /* ViewController.swift */ = {isa = PBXFileReference; lastKnownFileType = sourcecode.swift; path = ViewController.swift; sourceTree = "<group>"; };
		D6F04C30202C1B7500C5664A /* Base */ = {isa = PBXFileReference; lastKnownFileType = file.storyboard; name = Base; path = Base.lproj/Main.storyboard; sourceTree = "<group>"; };
		D6F04C32202C1B7500C5664A /* Assets.xcassets */ = {isa = PBXFileReference; lastKnownFileType = folder.assetcatalog; path = Assets.xcassets; sourceTree = "<group>"; };
		D6F04C35202C1B7500C5664A /* Base */ = {isa = PBXFileReference; lastKnownFileType = file.storyboard; name = Base; path = Base.lproj/LaunchScreen.storyboard; sourceTree = "<group>"; };
		D6F04C37202C1B7500C5664A /* Info.plist */ = {isa = PBXFileReference; lastKnownFileType = text.plist.xml; path = Info.plist; sourceTree = "<group>"; };
		D6F04C41202C212D00C5664A /* ChoicesModel.swift */ = {isa = PBXFileReference; lastKnownFileType = sourcecode.swift; path = ChoicesModel.swift; sourceTree = "<group>"; };
		D6F04C43202C2E7300C5664A /* Player.swift */ = {isa = PBXFileReference; lastKnownFileType = sourcecode.swift; path = Player.swift; sourceTree = "<group>"; };
/* End PBXFileReference section */

/* Begin PBXFrameworksBuildPhase section */
		D6F04C25202C1B7500C5664A /* Frameworks */ = {
			isa = PBXFrameworksBuildPhase;
			buildActionMask = 2147483647;
			files = (
			);
			runOnlyForDeploymentPostprocessing = 0;
		};
/* End PBXFrameworksBuildPhase section */

/* Begin PBXGroup section */
		D6F04C1F202C1B7500C5664A = {
			isa = PBXGroup;
			children = (
				D6F04C2A202C1B7500C5664A /* SmallGame */,
				D6F04C29202C1B7500C5664A /* Products */,
			);
			sourceTree = "<group>";
		};
		D6F04C29202C1B7500C5664A /* Products */ = {
			isa = PBXGroup;
			children = (
				D6F04C28202C1B7500C5664A /* SmallGame.app */,
			);
			name = Products;
			sourceTree = "<group>";
		};
		D6F04C2A202C1B7500C5664A /* SmallGame */ = {
			isa = PBXGroup;
			children = (
				D6F04C2B202C1B7500C5664A /* AppDelegate.swift */,
				D6F04C2D202C1B7500C5664A /* ViewController.swift */,
				D6F04C2F202C1B7500C5664A /* Main.storyboard */,
				D6F04C43202C2E7300C5664A /* Player.swift */,
				D656F4AE202C440C00E1DBE3 /* Boss.swift */,
				D60532C0202EA8B2005A3BD9 /* GameLogic.swift */,
				D6F04C41202C212D00C5664A /* ChoicesModel.swift */,
				D6F04C32202C1B7500C5664A /* Assets.xcassets */,
				D6F04C34202C1B7500C5664A /* LaunchScreen.storyboard */,
				D6F04C37202C1B7500C5664A /* Info.plist */,
			);
			path = SmallGame;
			sourceTree = "<group>";
		};
/* End PBXGroup section */

/* Begin PBXNativeTarget section */
		D6F04C27202C1B7500C5664A /* SmallGame */ = {
			isa = PBXNativeTarget;
			buildConfigurationList = D6F04C3A202C1B7500C5664A /* Build configuration list for PBXNativeTarget "SmallGame" */;
			buildPhases = (
				D6F04C24202C1B7500C5664A /* Sources */,
				D6F04C25202C1B7500C5664A /* Frameworks */,
				D6F04C26202C1B7500C5664A /* Resources */,
			);
			buildRules = (
			);
			dependencies = (
			);
			name = SmallGame;
			productName = SmallGame;
			productReference = D6F04C28202C1B7500C5664A /* SmallGame.app */;
			productType = "com.apple.product-type.application";
		};
/* End PBXNativeTarget section */

/* Begin PBXProject section */
		D6F04C20202C1B7500C5664A /* Project object */ = {
			isa = PBXProject;
			attributes = {
				LastSwiftUpdateCheck = 0920;
				LastUpgradeCheck = 0920;
				ORGANIZATIONNAME = EthanLin;
				TargetAttributes = {
					D6F04C27202C1B7500C5664A = {
						CreatedOnToolsVersion = 9.2;
						ProvisioningStyle = Automatic;
					};
				};
			};
			buildConfigurationList = D6F04C23202C1B7500C5664A /* Build configuration list for PBXProject "SmallGame" */;
			compatibilityVersion = "Xcode 8.0";
			developmentRegion = en;
			hasScannedForEncodings = 0;
			knownRegions = (
				en,
				Base,
			);
			mainGroup = D6F04C1F202C1B7500C5664A;
			productRefGroup = D6F04C29202C1B7500C5664A /* Products */;
			projectDirPath = "";
			projectRoot = "";
			targets = (
				D6F04C27202C1B7500C5664A /* SmallGame */,
			);
		};
/* End PBXProject section */

/* Begin PBXResourcesBuildPhase section */
		D6F04C26202C1B7500C5664A /* Resources */ = {
			isa = PBXResourcesBuildPhase;
			buildActionMask = 2147483647;
			files = (
				D6F04C36202C1B7500C5664A /* LaunchScreen.storyboard in Resources */,
				D6F04C33202C1B7500C5664A /* Assets.xcassets in Resources */,
				D6F04C31202C1B7500C5664A /* Main.storyboard in Resources */,
			);
			runOnlyForDeploymentPostprocessing = 0;
		};
/* End PBXResourcesBuildPhase section */

/* Begin PBXSourcesBuildPhase section */
		D6F04C24202C1B7500C5664A /* Sources */ = {
			isa = PBXSourcesBuildPhase;
			buildActionMask = 2147483647;
			files = (
				D60532C1202EA8B2005A3BD9 /* GameLogic.swift in Sources */,
				D6F04C2E202C1B7500C5664A /* ViewController.swift in Sources */,
				D6F04C42202C212D00C5664A /* ChoicesModel.swift in Sources */,
				D6F04C2C202C1B7500C5664A /* AppDelegate.swift in Sources */,
				D656F4AF202C440C00E1DBE3 /* Boss.swift in Sources */,
				D6F04C44202C2E7300C5664A /* Player.swift in Sources */,
			);
			runOnlyForDeploymentPostprocessing = 0;
		};
/* End PBXSourcesBuildPhase section */

/* Begin PBXVariantGroup section */
		D6F04C2F202C1B7500C5664A /* Main.storyboard */ = {
			isa = PBXVariantGroup;
			children = (
				D6F04C30202C1B7500C5664A /* Base */,
			);
			name = Main.storyboard;
			sourceTree = "<group>";
		};
		D6F04C34202C1B7500C5664A /* LaunchScreen.storyboard */ = {
			isa = PBXVariantGroup;
			children = (
				D6F04C35202C1B7500C5664A /* Base */,
			);
			name = LaunchScreen.storyboard;
			sourceTree = "<group>";
		};
/* End PBXVariantGroup section */

/* Begin XCBuildConfiguration section */
		D6F04C38202C1B7500C5664A /* Debug */ = {
			isa = XCBuildConfiguration;
			buildSettings = {
				ALWAYS_SEARCH_USER_PATHS = NO;
				CLANG_ANALYZER_NONNULL = YES;
				CLANG_ANALYZER_NUMBER_OBJECT_CONVERSION = YES_AGGRESSIVE;
				CLANG_CXX_LANGUAGE_STANDARD = "gnu++14";
				CLANG_CXX_LIBRARY = "libc++";
				CLANG_ENABLE_MODULES = YES;
				CLANG_ENABLE_OBJC_ARC = YES;
				CLANG_WARN_BLOCK_CAPTURE_AUTORELEASING = YES;
				CLANG_WARN_BOOL_CONVERSION = YES;
				CLANG_WARN_COMMA = YES;
				CLANG_WARN_CONSTANT_CONVERSION = YES;
				CLANG_WARN_DIRECT_OBJC_ISA_USAGE = YES_ERROR;
				CLANG_WARN_DOCUMENTATION_COMMENTS = YES;
				CLANG_WARN_EMPTY_BODY = YES;
				CLANG_WARN_ENUM_CONVERSION = YES;
				CLANG_WARN_INFINITE_RECURSION = YES;
				CLANG_WARN_INT_CONVERSION = YES;
				CLANG_WARN_NON_LITERAL_NULL_CONVERSION = YES;
				CLANG_WARN_OBJC_LITERAL_CONVERSION = YES;
				CLANG_WARN_OBJC_ROOT_CLASS = YES_ERROR;
				CLANG_WARN_RANGE_LOOP_ANALYSIS = YES;
				CLANG_WARN_STRICT_PROTOTYPES = YES;
				CLANG_WARN_SUSPICIOUS_MOVE = YES;
				CLANG_WARN_UNGUARDED_AVAILABILITY = YES_AGGRESSIVE;
				CLANG_WARN_UNREACHABLE_CODE = YES;
				CLANG_WARN__DUPLICATE_METHOD_MATCH = YES;
				CODE_SIGN_IDENTITY = "iPhone Developer";
				COPY_PHASE_STRIP = NO;
				DEBUG_INFORMATION_FORMAT = dwarf;
				ENABLE_STRICT_OBJC_MSGSEND = YES;
				ENABLE_TESTABILITY = YES;
				GCC_C_LANGUAGE_STANDARD = gnu11;
				GCC_DYNAMIC_NO_PIC = NO;
				GCC_NO_COMMON_BLOCKS = YES;
				GCC_OPTIMIZATION_LEVEL = 0;
				GCC_PREPROCESSOR_DEFINITIONS = (
					"DEBUG=1",
					"$(inherited)",
				);
				GCC_WARN_64_TO_32_BIT_CONVERSION = YES;
				GCC_WARN_ABOUT_RETURN_TYPE = YES_ERROR;
				GCC_WARN_UNDECLARED_SELECTOR = YES;
				GCC_WARN_UNINITIALIZED_AUTOS = YES_AGGRESSIVE;
				GCC_WARN_UNUSED_FUNCTION = YES;
				GCC_WARN_UNUSED_VARIABLE = YES;
				IPHONEOS_DEPLOYMENT_TARGET = 11.2;
				MTL_ENABLE_DEBUG_INFO = YES;
				ONLY_ACTIVE_ARCH = YES;
				SDKROOT = iphoneos;
				SWIFT_ACTIVE_COMPILATION_CONDITIONS = DEBUG;
				SWIFT_OPTIMIZATION_LEVEL = "-Onone";
			};
			name = Debug;
		};
		D6F04C39202C1B7500C5664A /* Release */ = {
			isa = XCBuildConfiguration;
			buildSettings = {
				ALWAYS_SEARCH_USER_PATHS = NO;
				CLANG_ANALYZER_NONNULL = YES;
				CLANG_ANALYZER_NUMBER_OBJECT_CONVERSION = YES_AGGRESSIVE;
				CLANG_CXX_LANGUAGE_STANDARD = "gnu++14";
				CLANG_CXX_LIBRARY = "libc++";
				CLANG_ENABLE_MODULES = YES;
				CLANG_ENABLE_OBJC_ARC = YES;
				CLANG_WARN_BLOCK_CAPTURE_AUTORELEASING = YES;
				CLANG_WARN_BOOL_CONVERSION = YES;
				CLANG_WARN_COMMA = YES;
				CLANG_WARN_CONSTANT_CONVERSION = YES;
				CLANG_WARN_DIRECT_OBJC_ISA_USAGE = YES_ERROR;
				CLANG_WARN_DOCUMENTATION_COMMENTS = YES;
				CLANG_WARN_EMPTY_BODY = YES;
				CLANG_WARN_ENUM_CONVERSION = YES;
				CLANG_WARN_INFINITE_RECURSION = YES;
				CLANG_WARN_INT_CONVERSION = YES;
				CLANG_WARN_NON_LITERAL_NULL_CONVERSION = YES;
				CLANG_WARN_OBJC_LITERAL_CONVERSION = YES;
				CLANG_WARN_OBJC_ROOT_CLASS = YES_ERROR;
				CLANG_WARN_RANGE_LOOP_ANALYSIS = YES;
				CLANG_WARN_STRICT_PROTOTYPES = YES;
				CLANG_WARN_SUSPICIOUS_MOVE = YES;
				CLANG_WARN_UNGUARDED_AVAILABILITY = YES_AGGRESSIVE;
				CLANG_WARN_UNREACHABLE_CODE = YES;
				CLANG_WARN__DUPLICATE_METHOD_MATCH = YES;
				CODE_SIGN_IDENTITY = "iPhone Developer";
				COPY_PHASE_STRIP = NO;
				DEBUG_INFORMATION_FORMAT = "dwarf-with-dsym";
				ENABLE_NS_ASSERTIONS = NO;
				ENABLE_STRICT_OBJC_MSGSEND = YES;
				GCC_C_LANGUAGE_STANDARD = gnu11;
				GCC_NO_COMMON_BLOCKS = YES;
				GCC_WARN_64_TO_32_BIT_CONVERSION = YES;
				GCC_WARN_ABOUT_RETURN_TYPE = YES_ERROR;
				GCC_WARN_UNDECLARED_SELECTOR = YES;
				GCC_WARN_UNINITIALIZED_AUTOS = YES_AGGRESSIVE;
				GCC_WARN_UNUSED_FUNCTION = YES;
				GCC_WARN_UNUSED_VARIABLE = YES;
				IPHONEOS_DEPLOYMENT_TARGET = 11.2;
				MTL_ENABLE_DEBUG_INFO = NO;
				SDKROOT = iphoneos;
				SWIFT_OPTIMIZATION_LEVEL = "-Owholemodule";
				VALIDATE_PRODUCT = YES;
			};
			name = Release;
		};
		D6F04C3B202C1B7500C5664A /* Debug */ = {
			isa = XCBuildConfiguration;
			buildSettings = {
				ASSETCATALOG_COMPILER_APPICON_NAME = AppIcon;
				CODE_SIGN_STYLE = Automatic;
				DEVELOPMENT_TEAM = 47R4BK8PQH;
				INFOPLIST_FILE = SmallGame/Info.plist;
				LD_RUNPATH_SEARCH_PATHS = "$(inherited) @executable_path/Frameworks";
				PRODUCT_BUNDLE_IDENTIFIER = com.ethan510010.SmallGame;
				PRODUCT_NAME = "$(TARGET_NAME)";
				SWIFT_VERSION = 4.0;
				TARGETED_DEVICE_FAMILY = "1,2";
			};
			name = Debug;
		};
		D6F04C3C202C1B7500C5664A /* Release */ = {
			isa = XCBuildConfiguration;
			buildSettings = {
				ASSETCATALOG_COMPILER_APPICON_NAME = AppIcon;
				CODE_SIGN_STYLE = Automatic;
				DEVELOPMENT_TEAM = 47R4BK8PQH;
				INFOPLIST_FILE = SmallGame/Info.plist;
				LD_RUNPATH_SEARCH_PATHS = "$(inherited) @executable_path/Frameworks";
				PRODUCT_BUNDLE_IDENTIFIER = com.ethan510010.SmallGame;
				PRODUCT_NAME = "$(TARGET_NAME)";
				SWIFT_VERSION = 4.0;
				TARGETED_DEVICE_FAMILY = "1,2";
			};
			name = Release;
		};
/* End XCBuildConfiguration section */

/* Begin XCConfigurationList section */
		D6F04C23202C1B7500C5664A /* Build configuration list for PBXProject "SmallGame" */ = {
			isa = XCConfigurationList;
			buildConfigurations = (
				D6F04C38202C1B7500C5664A /* Debug */,
				D6F04C39202C1B7500C5664A /* Release */,
			);
			defaultConfigurationIsVisible = 0;
			defaultConfigurationName = Release;
		};
		D6F04C3A202C1B7500C5664A /* Build configuration list for PBXNativeTarget "SmallGame" */ = {
			isa = XCConfigurationList;
			buildConfigurations = (
				D6F04C3B202C1B7500C5664A /* Debug */,
				D6F04C3C202C1B7500C5664A /* Release */,
			);
			defaultConfigurationIsVisible = 0;
			defaultConfigurationName = Release;
		};
/* End XCConfigurationList section */
	};
	rootObject = D6F04C20202C1B7500C5664A /* Project object */;
}
